// !$*UTF8*$!
{
	archiveVersion = 1;
	classes = {
	};
	objectVersion = 46;
	objects = {

/* Begin PBXBuildFile section */
		642AA3F31B4D331C002D255D /* main.m in Sources */ = {isa = PBXBuildFile; fileRef = 642AA3F21B4D331C002D255D /* main.m */; };
		642AA3F61B4D331C002D255D /* AppDelegate.m in Sources */ = {isa = PBXBuildFile; fileRef = 642AA3F51B4D331C002D255D /* AppDelegate.m */; };
		642AA3FC1B4D331C002D255D /* Main.storyboard in Resources */ = {isa = PBXBuildFile; fileRef = 642AA3FA1B4D331C002D255D /* Main.storyboard */; };
		642AA3FE1B4D331C002D255D /* Images.xcassets in Resources */ = {isa = PBXBuildFile; fileRef = 642AA3FD1B4D331C002D255D /* Images.xcassets */; };
		642AA4011B4D331C002D255D /* LaunchScreen.xib in Resources */ = {isa = PBXBuildFile; fileRef = 642AA3FF1B4D331C002D255D /* LaunchScreen.xib */; };
		642AA40D1B4D331C002D255D /* Lock2015Tests.m in Sources */ = {isa = PBXBuildFile; fileRef = 642AA40C1B4D331C002D255D /* Lock2015Tests.m */; };
		642AA41D1B4D3330002D255D /* RECommonFunctions.m in Sources */ = {isa = PBXBuildFile; fileRef = 642AA4181B4D3330002D255D /* RECommonFunctions.m */; };
		642AA41E1B4D3330002D255D /* RESideMenu.m in Sources */ = {isa = PBXBuildFile; fileRef = 642AA41A1B4D3330002D255D /* RESideMenu.m */; };
		642AA41F1B4D3330002D255D /* UIViewController+RESideMenu.m in Sources */ = {isa = PBXBuildFile; fileRef = 642AA41C1B4D3330002D255D /* UIViewController+RESideMenu.m */; };
		642AA4321B4D3349002D255D /* IndexViewController.m in Sources */ = {isa = PBXBuildFile; fileRef = 642AA4241B4D3349002D255D /* IndexViewController.m */; };
		642AA4331B4D3349002D255D /* DEMOLeftMenuViewController.m in Sources */ = {isa = PBXBuildFile; fileRef = 642AA4261B4D3349002D255D /* DEMOLeftMenuViewController.m */; };
		642AA4341B4D3349002D255D /* DEMORightMenuViewController.m in Sources */ = {isa = PBXBuildFile; fileRef = 642AA4281B4D3349002D255D /* DEMORightMenuViewController.m */; };
		642AA4351B4D3349002D255D /* RecordViewController.m in Sources */ = {isa = PBXBuildFile; fileRef = 642AA42A1B4D3349002D255D /* RecordViewController.m */; };
		642AA43F1B4D3BE6002D255D /* BikefindViewController.m in Sources */ = {isa = PBXBuildFile; fileRef = 642AA43E1B4D3BE6002D255D /* BikefindViewController.m */; };
		642AA4421B4D3C29002D255D /* SettingViewController.m in Sources */ = {isa = PBXBuildFile; fileRef = 642AA4411B4D3C29002D255D /* SettingViewController.m */; };
		642AA46F1B4D4A04002D255D /* AFHTTPRequestOperation.m in Sources */ = {isa = PBXBuildFile; fileRef = 642AA44B1B4D4A04002D255D /* AFHTTPRequestOperation.m */; };
		642AA4701B4D4A04002D255D /* AFHTTPRequestOperationManager.m in Sources */ = {isa = PBXBuildFile; fileRef = 642AA44D1B4D4A04002D255D /* AFHTTPRequestOperationManager.m */; };
		642AA4711B4D4A04002D255D /* AFHTTPSessionManager.m in Sources */ = {isa = PBXBuildFile; fileRef = 642AA44F1B4D4A04002D255D /* AFHTTPSessionManager.m */; };
		642AA4721B4D4A04002D255D /* AFNetworkReachabilityManager.m in Sources */ = {isa = PBXBuildFile; fileRef = 642AA4521B4D4A04002D255D /* AFNetworkReachabilityManager.m */; };
		642AA4731B4D4A04002D255D /* AFSecurityPolicy.m in Sources */ = {isa = PBXBuildFile; fileRef = 642AA4541B4D4A04002D255D /* AFSecurityPolicy.m */; };
		642AA4741B4D4A04002D255D /* AFURLConnectionOperation.m in Sources */ = {isa = PBXBuildFile; fileRef = 642AA4561B4D4A04002D255D /* AFURLConnectionOperation.m */; };
		642AA4751B4D4A04002D255D /* AFURLRequestSerialization.m in Sources */ = {isa = PBXBuildFile; fileRef = 642AA4581B4D4A04002D255D /* AFURLRequestSerialization.m */; };
		642AA4761B4D4A04002D255D /* AFURLResponseSerialization.m in Sources */ = {isa = PBXBuildFile; fileRef = 642AA45A1B4D4A04002D255D /* AFURLResponseSerialization.m */; };
		642AA4771B4D4A04002D255D /* AFURLSessionManager.m in Sources */ = {isa = PBXBuildFile; fileRef = 642AA45C1B4D4A04002D255D /* AFURLSessionManager.m */; };
		642AA4781B4D4A04002D255D /* AFNetworkActivityIndicatorManager.m in Sources */ = {isa = PBXBuildFile; fileRef = 642AA45F1B4D4A04002D255D /* AFNetworkActivityIndicatorManager.m */; };
		642AA4791B4D4A04002D255D /* UIActivityIndicatorView+AFNetworking.m in Sources */ = {isa = PBXBuildFile; fileRef = 642AA4611B4D4A04002D255D /* UIActivityIndicatorView+AFNetworking.m */; };
		642AA47A1B4D4A04002D255D /* UIAlertView+AFNetworking.m in Sources */ = {isa = PBXBuildFile; fileRef = 642AA4631B4D4A04002D255D /* UIAlertView+AFNetworking.m */; };
		642AA47B1B4D4A04002D255D /* UIButton+AFNetworking.m in Sources */ = {isa = PBXBuildFile; fileRef = 642AA4651B4D4A04002D255D /* UIButton+AFNetworking.m */; };
		642AA47C1B4D4A04002D255D /* UIImageView+AFNetworking.m in Sources */ = {isa = PBXBuildFile; fileRef = 642AA4671B4D4A04002D255D /* UIImageView+AFNetworking.m */; };
		642AA47D1B4D4A04002D255D /* UIProgressView+AFNetworking.m in Sources */ = {isa = PBXBuildFile; fileRef = 642AA46A1B4D4A04002D255D /* UIProgressView+AFNetworking.m */; };
		642AA47E1B4D4A04002D255D /* UIRefreshControl+AFNetworking.m in Sources */ = {isa = PBXBuildFile; fileRef = 642AA46C1B4D4A04002D255D /* UIRefreshControl+AFNetworking.m */; };
		642AA47F1B4D4A04002D255D /* UIWebView+AFNetworking.m in Sources */ = {isa = PBXBuildFile; fileRef = 642AA46E1B4D4A04002D255D /* UIWebView+AFNetworking.m */; };
		642AA4821B4D4A0D002D255D /* ShenAFN.m in Sources */ = {isa = PBXBuildFile; fileRef = 642AA4811B4D4A0D002D255D /* ShenAFN.m */; };
		642AA4871B4D5EDC002D255D /* RecordViewController.xib in Resources */ = {isa = PBXBuildFile; fileRef = 642AA4861B4D5EDC002D255D /* RecordViewController.xib */; };
		642AA48D1B4D631D002D255D /* CBCCylinderBudgetChartView.m in Sources */ = {isa = PBXBuildFile; fileRef = 642AA48C1B4D631D002D255D /* CBCCylinderBudgetChartView.m */; };
		642AA4901B4E0C4E002D255D /* BikefindViewController.xib in Resources */ = {isa = PBXBuildFile; fileRef = 642AA48F1B4E0C4E002D255D /* BikefindViewController.xib */; };
		642AA4951B4E0CA7002D255D /* HSDatePickerViewController.m in Sources */ = {isa = PBXBuildFile; fileRef = 642AA4931B4E0CA7002D255D /* HSDatePickerViewController.m */; };
		642AA4961B4E0CA7002D255D /* HSDatePickerViewController.xib in Resources */ = {isa = PBXBuildFile; fileRef = 642AA4941B4E0CA7002D255D /* HSDatePickerViewController.xib */; };
		642AA4991B4E155C002D255D /* Networkoperation.m in Sources */ = {isa = PBXBuildFile; fileRef = 642AA4981B4E155C002D255D /* Networkoperation.m */; };
		642AA49B1B4E440C002D255D /* IndexViewController.xib in Resources */ = {isa = PBXBuildFile; fileRef = 642AA49A1B4E440C002D255D /* IndexViewController.xib */; };
		642AA49E1B4E4B30002D255D /* BikenaviViewController.m in Sources */ = {isa = PBXBuildFile; fileRef = 642AA49D1B4E4B30002D255D /* BikenaviViewController.m */; };
/* End PBXBuildFile section */

/* Begin PBXContainerItemProxy section */
		642AA4071B4D331C002D255D /* PBXContainerItemProxy */ = {
			isa = PBXContainerItemProxy;
			containerPortal = 642AA3E51B4D331C002D255D /* Project object */;
			proxyType = 1;
			remoteGlobalIDString = 642AA3EC1B4D331C002D255D;
			remoteInfo = Lock2015;
		};
/* End PBXContainerItemProxy section */

/* Begin PBXFileReference section */
		642AA3ED1B4D331C002D255D /* Lock2015.app */ = {isa = PBXFileReference; explicitFileType = wrapper.application; includeInIndex = 0; path = Lock2015.app; sourceTree = BUILT_PRODUCTS_DIR; };
		642AA3F11B4D331C002D255D /* Info.plist */ = {isa = PBXFileReference; lastKnownFileType = text.plist.xml; path = Info.plist; sourceTree = "<group>"; };
		642AA3F21B4D331C002D255D /* main.m */ = {isa = PBXFileReference; lastKnownFileType = sourcecode.c.objc; path = main.m; sourceTree = "<group>"; };
		642AA3F41B4D331C002D255D /* AppDelegate.h */ = {isa = PBXFileReference; lastKnownFileType = sourcecode.c.h; path = AppDelegate.h; sourceTree = "<group>"; };
		642AA3F51B4D331C002D255D /* AppDelegate.m */ = {isa = PBXFileReference; lastKnownFileType = sourcecode.c.objc; path = AppDelegate.m; sourceTree = "<group>"; };
		642AA3FB1B4D331C002D255D /* Base */ = {isa = PBXFileReference; lastKnownFileType = file.storyboard; name = Base; path = Base.lproj/Main.storyboard; sourceTree = "<group>"; };
		642AA3FD1B4D331C002D255D /* Images.xcassets */ = {isa = PBXFileReference; lastKnownFileType = folder.assetcatalog; path = Images.xcassets; sourceTree = "<group>"; };
		642AA4001B4D331C002D255D /* Base */ = {isa = PBXFileReference; lastKnownFileType = file.xib; name = Base; path = Base.lproj/LaunchScreen.xib; sourceTree = "<group>"; };
		642AA4061B4D331C002D255D /* Lock2015Tests.xctest */ = {isa = PBXFileReference; explicitFileType = wrapper.cfbundle; includeInIndex = 0; path = Lock2015Tests.xctest; sourceTree = BUILT_PRODUCTS_DIR; };
		642AA40B1B4D331C002D255D /* Info.plist */ = {isa = PBXFileReference; lastKnownFileType = text.plist.xml; path = Info.plist; sourceTree = "<group>"; };
		642AA40C1B4D331C002D255D /* Lock2015Tests.m */ = {isa = PBXFileReference; lastKnownFileType = sourcecode.c.objc; path = Lock2015Tests.m; sourceTree = "<group>"; };
		642AA4171B4D3330002D255D /* RECommonFunctions.h */ = {isa = PBXFileReference; fileEncoding = 4; lastKnownFileType = sourcecode.c.h; path = RECommonFunctions.h; sourceTree = "<group>"; };
		642AA4181B4D3330002D255D /* RECommonFunctions.m */ = {isa = PBXFileReference; fileEncoding = 4; lastKnownFileType = sourcecode.c.objc; path = RECommonFunctions.m; sourceTree = "<group>"; };
		642AA4191B4D3330002D255D /* RESideMenu.h */ = {isa = PBXFileReference; fileEncoding = 4; lastKnownFileType = sourcecode.c.h; path = RESideMenu.h; sourceTree = "<group>"; };
		642AA41A1B4D3330002D255D /* RESideMenu.m */ = {isa = PBXFileReference; fileEncoding = 4; lastKnownFileType = sourcecode.c.objc; path = RESideMenu.m; sourceTree = "<group>"; };
		642AA41B1B4D3330002D255D /* UIViewController+RESideMenu.h */ = {isa = PBXFileReference; fileEncoding = 4; lastKnownFileType = sourcecode.c.h; path = "UIViewController+RESideMenu.h"; sourceTree = "<group>"; };
		642AA41C1B4D3330002D255D /* UIViewController+RESideMenu.m */ = {isa = PBXFileReference; fileEncoding = 4; lastKnownFileType = sourcecode.c.objc; path = "UIViewController+RESideMenu.m"; sourceTree = "<group>"; };
		642AA4231B4D3349002D255D /* IndexViewController.h */ = {isa = PBXFileReference; fileEncoding = 4; lastKnownFileType = sourcecode.c.h; path = IndexViewController.h; sourceTree = "<group>"; };
		642AA4241B4D3349002D255D /* IndexViewController.m */ = {isa = PBXFileReference; fileEncoding = 4; lastKnownFileType = sourcecode.c.objc; path = IndexViewController.m; sourceTree = "<group>"; };
		642AA4251B4D3349002D255D /* DEMOLeftMenuViewController.h */ = {isa = PBXFileReference; fileEncoding = 4; lastKnownFileType = sourcecode.c.h; name = DEMOLeftMenuViewController.h; path = Lock2015/RESideMenuExample/DEMOLeftMenuViewController.h; sourceTree = SOURCE_ROOT; };
		642AA4261B4D3349002D255D /* DEMOLeftMenuViewController.m */ = {isa = PBXFileReference; fileEncoding = 4; lastKnownFileType = sourcecode.c.objc; name = DEMOLeftMenuViewController.m; path = Lock2015/RESideMenuExample/DEMOLeftMenuViewController.m; sourceTree = SOURCE_ROOT; };
		642AA4271B4D3349002D255D /* DEMORightMenuViewController.h */ = {isa = PBXFileReference; fileEncoding = 4; lastKnownFileType = sourcecode.c.h; name = DEMORightMenuViewController.h; path = Lock2015/RESideMenuExample/DEMORightMenuViewController.h; sourceTree = SOURCE_ROOT; };
		642AA4281B4D3349002D255D /* DEMORightMenuViewController.m */ = {isa = PBXFileReference; fileEncoding = 4; lastKnownFileType = sourcecode.c.objc; name = DEMORightMenuViewController.m; path = Lock2015/RESideMenuExample/DEMORightMenuViewController.m; sourceTree = SOURCE_ROOT; };
		642AA4291B4D3349002D255D /* RecordViewController.h */ = {isa = PBXFileReference; fileEncoding = 4; lastKnownFileType = sourcecode.c.h; path = RecordViewController.h; sourceTree = "<group>"; };
		642AA42A1B4D3349002D255D /* RecordViewController.m */ = {isa = PBXFileReference; fileEncoding = 4; lastKnownFileType = sourcecode.c.objc; path = RecordViewController.m; sourceTree = "<group>"; };
		642AA43D1B4D3BE6002D255D /* BikefindViewController.h */ = {isa = PBXFileReference; fileEncoding = 4; lastKnownFileType = sourcecode.c.h; path = BikefindViewController.h; sourceTree = "<group>"; };
		642AA43E1B4D3BE6002D255D /* BikefindViewController.m */ = {isa = PBXFileReference; fileEncoding = 4; lastKnownFileType = sourcecode.c.objc; path = BikefindViewController.m; sourceTree = "<group>"; };
		642AA4401B4D3C29002D255D /* SettingViewController.h */ = {isa = PBXFileReference; fileEncoding = 4; lastKnownFileType = sourcecode.c.h; path = SettingViewController.h; sourceTree = "<group>"; };
		642AA4411B4D3C29002D255D /* SettingViewController.m */ = {isa = PBXFileReference; fileEncoding = 4; lastKnownFileType = sourcecode.c.objc; path = SettingViewController.m; sourceTree = "<group>"; };
		642AA44A1B4D4A04002D255D /* AFHTTPRequestOperation.h */ = {isa = PBXFileReference; fileEncoding = 4; lastKnownFileType = sourcecode.c.h; path = AFHTTPRequestOperation.h; sourceTree = "<group>"; };
		642AA44B1B4D4A04002D255D /* AFHTTPRequestOperation.m */ = {isa = PBXFileReference; fileEncoding = 4; lastKnownFileType = sourcecode.c.objc; path = AFHTTPRequestOperation.m; sourceTree = "<group>"; };
		642AA44C1B4D4A04002D255D /* AFHTTPRequestOperationManager.h */ = {isa = PBXFileReference; fileEncoding = 4; lastKnownFileType = sourcecode.c.h; path = AFHTTPRequestOperationManager.h; sourceTree = "<group>"; };
		642AA44D1B4D4A04002D255D /* AFHTTPRequestOperationManager.m */ = {isa = PBXFileReference; fileEncoding = 4; lastKnownFileType = sourcecode.c.objc; path = AFHTTPRequestOperationManager.m; sourceTree = "<group>"; };
		642AA44E1B4D4A04002D255D /* AFHTTPSessionManager.h */ = {isa = PBXFileReference; fileEncoding = 4; lastKnownFileType = sourcecode.c.h; path = AFHTTPSessionManager.h; sourceTree = "<group>"; };
		642AA44F1B4D4A04002D255D /* AFHTTPSessionManager.m */ = {isa = PBXFileReference; fileEncoding = 4; lastKnownFileType = sourcecode.c.objc; path = AFHTTPSessionManager.m; sourceTree = "<group>"; };
		642AA4501B4D4A04002D255D /* AFNetworking.h */ = {isa = PBXFileReference; fileEncoding = 4; lastKnownFileType = sourcecode.c.h; path = AFNetworking.h; sourceTree = "<group>"; };
		642AA4511B4D4A04002D255D /* AFNetworkReachabilityManager.h */ = {isa = PBXFileReference; fileEncoding = 4; lastKnownFileType = sourcecode.c.h; path = AFNetworkReachabilityManager.h; sourceTree = "<group>"; };
		642AA4521B4D4A04002D255D /* AFNetworkReachabilityManager.m */ = {isa = PBXFileReference; fileEncoding = 4; lastKnownFileType = sourcecode.c.objc; path = AFNetworkReachabilityManager.m; sourceTree = "<group>"; };
		642AA4531B4D4A04002D255D /* AFSecurityPolicy.h */ = {isa = PBXFileReference; fileEncoding = 4; lastKnownFileType = sourcecode.c.h; path = AFSecurityPolicy.h; sourceTree = "<group>"; };
		642AA4541B4D4A04002D255D /* AFSecurityPolicy.m */ = {isa = PBXFileReference; fileEncoding = 4; lastKnownFileType = sourcecode.c.objc; path = AFSecurityPolicy.m; sourceTree = "<group>"; };
		642AA4551B4D4A04002D255D /* AFURLConnectionOperation.h */ = {isa = PBXFileReference; fileEncoding = 4; lastKnownFileType = sourcecode.c.h; path = AFURLConnectionOperation.h; sourceTree = "<group>"; };
		642AA4561B4D4A04002D255D /* AFURLConnectionOperation.m */ = {isa = PBXFileReference; fileEncoding = 4; lastKnownFileType = sourcecode.c.objc; path = AFURLConnectionOperation.m; sourceTree = "<group>"; };
		642AA4571B4D4A04002D255D /* AFURLRequestSerialization.h */ = {isa = PBXFileReference; fileEncoding = 4; lastKnownFileType = sourcecode.c.h; path = AFURLRequestSerialization.h; sourceTree = "<group>"; };
		642AA4581B4D4A04002D255D /* AFURLRequestSerialization.m */ = {isa = PBXFileReference; fileEncoding = 4; lastKnownFileType = sourcecode.c.objc; path = AFURLRequestSerialization.m; sourceTree = "<group>"; };
		642AA4591B4D4A04002D255D /* AFURLResponseSerialization.h */ = {isa = PBXFileReference; fileEncoding = 4; lastKnownFileType = sourcecode.c.h; path = AFURLResponseSerialization.h; sourceTree = "<group>"; };
		642AA45A1B4D4A04002D255D /* AFURLResponseSerialization.m */ = {isa = PBXFileReference; fileEncoding = 4; lastKnownFileType = sourcecode.c.objc; path = AFURLResponseSerialization.m; sourceTree = "<group>"; };
		642AA45B1B4D4A04002D255D /* AFURLSessionManager.h */ = {isa = PBXFileReference; fileEncoding = 4; lastKnownFileType = sourcecode.c.h; path = AFURLSessionManager.h; sourceTree = "<group>"; };
		642AA45C1B4D4A04002D255D /* AFURLSessionManager.m */ = {isa = PBXFileReference; fileEncoding = 4; lastKnownFileType = sourcecode.c.objc; path = AFURLSessionManager.m; sourceTree = "<group>"; };
		642AA45E1B4D4A04002D255D /* AFNetworkActivityIndicatorManager.h */ = {isa = PBXFileReference; fileEncoding = 4; lastKnownFileType = sourcecode.c.h; path = AFNetworkActivityIndicatorManager.h; sourceTree = "<group>"; };
		642AA45F1B4D4A04002D255D /* AFNetworkActivityIndicatorManager.m */ = {isa = PBXFileReference; fileEncoding = 4; lastKnownFileType = sourcecode.c.objc; path = AFNetworkActivityIndicatorManager.m; sourceTree = "<group>"; };
		642AA4601B4D4A04002D255D /* UIActivityIndicatorView+AFNetworking.h */ = {isa = PBXFileReference; fileEncoding = 4; lastKnownFileType = sourcecode.c.h; path = "UIActivityIndicatorView+AFNetworking.h"; sourceTree = "<group>"; };
		642AA4611B4D4A04002D255D /* UIActivityIndicatorView+AFNetworking.m */ = {isa = PBXFileReference; fileEncoding = 4; lastKnownFileType = sourcecode.c.objc; path = "UIActivityIndicatorView+AFNetworking.m"; sourceTree = "<group>"; };
		642AA4621B4D4A04002D255D /* UIAlertView+AFNetworking.h */ = {isa = PBXFileReference; fileEncoding = 4; lastKnownFileType = sourcecode.c.h; path = "UIAlertView+AFNetworking.h"; sourceTree = "<group>"; };
		642AA4631B4D4A04002D255D /* UIAlertView+AFNetworking.m */ = {isa = PBXFileReference; fileEncoding = 4; lastKnownFileType = sourcecode.c.objc; path = "UIAlertView+AFNetworking.m"; sourceTree = "<group>"; };
		642AA4641B4D4A04002D255D /* UIButton+AFNetworking.h */ = {isa = PBXFileReference; fileEncoding = 4; lastKnownFileType = sourcecode.c.h; path = "UIButton+AFNetworking.h"; sourceTree = "<group>"; };
		642AA4651B4D4A04002D255D /* UIButton+AFNetworking.m */ = {isa = PBXFileReference; fileEncoding = 4; lastKnownFileType = sourcecode.c.objc; path = "UIButton+AFNetworking.m"; sourceTree = "<group>"; };
		642AA4661B4D4A04002D255D /* UIImageView+AFNetworking.h */ = {isa = PBXFileReference; fileEncoding = 4; lastKnownFileType = sourcecode.c.h; path = "UIImageView+AFNetworking.h"; sourceTree = "<group>"; };
		642AA4671B4D4A04002D255D /* UIImageView+AFNetworking.m */ = {isa = PBXFileReference; fileEncoding = 4; lastKnownFileType = sourcecode.c.objc; path = "UIImageView+AFNetworking.m"; sourceTree = "<group>"; };
		642AA4681B4D4A04002D255D /* UIKit+AFNetworking.h */ = {isa = PBXFileReference; fileEncoding = 4; lastKnownFileType = sourcecode.c.h; path = "UIKit+AFNetworking.h"; sourceTree = "<group>"; };
		642AA4691B4D4A04002D255D /* UIProgressView+AFNetworking.h */ = {isa = PBXFileReference; fileEncoding = 4; lastKnownFileType = sourcecode.c.h; path = "UIProgressView+AFNetworking.h"; sourceTree = "<group>"; };
		642AA46A1B4D4A04002D255D /* UIProgressView+AFNetworking.m */ = {isa = PBXFileReference; fileEncoding = 4; lastKnownFileType = sourcecode.c.objc; path = "UIProgressView+AFNetworking.m"; sourceTree = "<group>"; };
		642AA46B1B4D4A04002D255D /* UIRefreshControl+AFNetworking.h */ = {isa = PBXFileReference; fileEncoding = 4; lastKnownFileType = sourcecode.c.h; path = "UIRefreshControl+AFNetworking.h"; sourceTree = "<group>"; };
		642AA46C1B4D4A04002D255D /* UIRefreshControl+AFNetworking.m */ = {isa = PBXFileReference; fileEncoding = 4; lastKnownFileType = sourcecode.c.objc; path = "UIRefreshControl+AFNetworking.m"; sourceTree = "<group>"; };
		642AA46D1B4D4A04002D255D /* UIWebView+AFNetworking.h */ = {isa = PBXFileReference; fileEncoding = 4; lastKnownFileType = sourcecode.c.h; path = "UIWebView+AFNetworking.h"; sourceTree = "<group>"; };
		642AA46E1B4D4A04002D255D /* UIWebView+AFNetworking.m */ = {isa = PBXFileReference; fileEncoding = 4; lastKnownFileType = sourcecode.c.objc; path = "UIWebView+AFNetworking.m"; sourceTree = "<group>"; };
		642AA4801B4D4A0D002D255D /* ShenAFN.h */ = {isa = PBXFileReference; fileEncoding = 4; lastKnownFileType = sourcecode.c.h; path = ShenAFN.h; sourceTree = "<group>"; };
		642AA4811B4D4A0D002D255D /* ShenAFN.m */ = {isa = PBXFileReference; fileEncoding = 4; lastKnownFileType = sourcecode.c.objc; path = ShenAFN.m; sourceTree = "<group>"; };
		642AA4861B4D5EDC002D255D /* RecordViewController.xib */ = {isa = PBXFileReference; fileEncoding = 4; lastKnownFileType = file.xib; path = RecordViewController.xib; sourceTree = "<group>"; };
		642AA48B1B4D631D002D255D /* CBCCylinderBudgetChartView.h */ = {isa = PBXFileReference; fileEncoding = 4; lastKnownFileType = sourcecode.c.h; path = CBCCylinderBudgetChartView.h; sourceTree = "<group>"; };
		642AA48C1B4D631D002D255D /* CBCCylinderBudgetChartView.m */ = {isa = PBXFileReference; fileEncoding = 4; lastKnownFileType = sourcecode.c.objc; path = CBCCylinderBudgetChartView.m; sourceTree = "<group>"; };
		642AA48F1B4E0C4E002D255D /* BikefindViewController.xib */ = {isa = PBXFileReference; fileEncoding = 4; lastKnownFileType = file.xib; path = BikefindViewController.xib; sourceTree = "<group>"; };
		642AA4921B4E0CA7002D255D /* HSDatePickerViewController.h */ = {isa = PBXFileReference; fileEncoding = 4; lastKnownFileType = sourcecode.c.h; path = HSDatePickerViewController.h; sourceTree = "<group>"; };
		642AA4931B4E0CA7002D255D /* HSDatePickerViewController.m */ = {isa = PBXFileReference; fileEncoding = 4; lastKnownFileType = sourcecode.c.objc; path = HSDatePickerViewController.m; sourceTree = "<group>"; };
		642AA4941B4E0CA7002D255D /* HSDatePickerViewController.xib */ = {isa = PBXFileReference; fileEncoding = 4; lastKnownFileType = file.xib; path = HSDatePickerViewController.xib; sourceTree = "<group>"; };
		642AA4971B4E155C002D255D /* Networkoperation.h */ = {isa = PBXFileReference; fileEncoding = 4; lastKnownFileType = sourcecode.c.h; path = Networkoperation.h; sourceTree = "<group>"; };
		642AA4981B4E155C002D255D /* Networkoperation.m */ = {isa = PBXFileReference; fileEncoding = 4; lastKnownFileType = sourcecode.c.objc; path = Networkoperation.m; sourceTree = "<group>"; };
		642AA49A1B4E440C002D255D /* IndexViewController.xib */ = {isa = PBXFileReference; fileEncoding = 4; lastKnownFileType = file.xib; path = IndexViewController.xib; sourceTree = "<group>"; };
		642AA49C1B4E4B30002D255D /* BikenaviViewController.h */ = {isa = PBXFileReference; fileEncoding = 4; lastKnownFileType = sourcecode.c.h; path = BikenaviViewController.h; sourceTree = "<group>"; };
		642AA49D1B4E4B30002D255D /* BikenaviViewController.m */ = {isa = PBXFileReference; fileEncoding = 4; lastKnownFileType = sourcecode.c.objc; path = BikenaviViewController.m; sourceTree = "<group>"; };
/* End PBXFileReference section */

/* Begin PBXFrameworksBuildPhase section */
		642AA3EA1B4D331C002D255D /* Frameworks */ = {
			isa = PBXFrameworksBuildPhase;
			buildActionMask = 2147483647;
			files = (
			);
			runOnlyForDeploymentPostprocessing = 0;
		};
		642AA4031B4D331C002D255D /* Frameworks */ = {
			isa = PBXFrameworksBuildPhase;
			buildActionMask = 2147483647;
			files = (
			);
			runOnlyForDeploymentPostprocessing = 0;
		};
/* End PBXFrameworksBuildPhase section */

/* Begin PBXGroup section */
		642AA3E41B4D331C002D255D = {
			isa = PBXGroup;
			children = (
				642AA3EF1B4D331C002D255D /* Lock2015 */,
				642AA4091B4D331C002D255D /* Lock2015Tests */,
				642AA3EE1B4D331C002D255D /* Products */,
			);
			sourceTree = "<group>";
		};
		642AA3EE1B4D331C002D255D /* Products */ = {
			isa = PBXGroup;
			children = (
				642AA3ED1B4D331C002D255D /* Lock2015.app */,
				642AA4061B4D331C002D255D /* Lock2015Tests.xctest */,
			);
			name = Products;
			sourceTree = "<group>";
		};
		642AA3EF1B4D331C002D255D /* Lock2015 */ = {
			isa = PBXGroup;
			children = (
				642AA3FF1B4D331C002D255D /* LaunchScreen.xib */,
				642AA3FA1B4D331C002D255D /* Main.storyboard */,
				642AA3FD1B4D331C002D255D /* Images.xcassets */,
				642AA3F41B4D331C002D255D /* AppDelegate.h */,
				642AA3F51B4D331C002D255D /* AppDelegate.m */,
				642AA4201B4D3349002D255D /* Controllers */,
				642AA4481B4D4A04002D255D /* NetworkConnnection */,
				642AA3F01B4D331C002D255D /* Supporting Files */,
			);
			path = Lock2015;
			sourceTree = "<group>";
		};
		642AA3F01B4D331C002D255D /* Supporting Files */ = {
			isa = PBXGroup;
			children = (
				642AA3F11B4D331C002D255D /* Info.plist */,
				642AA3F21B4D331C002D255D /* main.m */,
			);
			name = "Supporting Files";
			sourceTree = "<group>";
		};
		642AA4091B4D331C002D255D /* Lock2015Tests */ = {
			isa = PBXGroup;
			children = (
				642AA40C1B4D331C002D255D /* Lock2015Tests.m */,
				642AA40A1B4D331C002D255D /* Supporting Files */,
			);
			path = Lock2015Tests;
			sourceTree = "<group>";
		};
		642AA40A1B4D331C002D255D /* Supporting Files */ = {
			isa = PBXGroup;
			children = (
				642AA40B1B4D331C002D255D /* Info.plist */,
			);
			name = "Supporting Files";
			sourceTree = "<group>";
		};
		642AA4161B4D3330002D255D /* RESideMenuFunction */ = {
			isa = PBXGroup;
			children = (
				642AA4171B4D3330002D255D /* RECommonFunctions.h */,
				642AA4181B4D3330002D255D /* RECommonFunctions.m */,
				642AA41B1B4D3330002D255D /* UIViewController+RESideMenu.h */,
				642AA41C1B4D3330002D255D /* UIViewController+RESideMenu.m */,
				642AA4191B4D3330002D255D /* RESideMenu.h */,
				642AA41A1B4D3330002D255D /* RESideMenu.m */,
			);
			name = RESideMenuFunction;
			path = ../RESideMenu;
			sourceTree = "<group>";
		};
		642AA4201B4D3349002D255D /* Controllers */ = {
			isa = PBXGroup;
			children = (
				642AA4161B4D3330002D255D /* RESideMenuFunction */,
				642AA4251B4D3349002D255D /* DEMOLeftMenuViewController.h */,
				642AA4261B4D3349002D255D /* DEMOLeftMenuViewController.m */,
				642AA4271B4D3349002D255D /* DEMORightMenuViewController.h */,
				642AA4281B4D3349002D255D /* DEMORightMenuViewController.m */,
				642AA48E1B4D635B002D255D /* CylinderBudgetChart */,
				642AA4231B4D3349002D255D /* IndexViewController.h */,
				642AA4241B4D3349002D255D /* IndexViewController.m */,
				642AA49A1B4E440C002D255D /* IndexViewController.xib */,
				642AA4291B4D3349002D255D /* RecordViewController.h */,
				642AA42A1B4D3349002D255D /* RecordViewController.m */,
				642AA4861B4D5EDC002D255D /* RecordViewController.xib */,
				642AA4911B4E0CA7002D255D /* HSDatePickerViewController */,
				642AA43D1B4D3BE6002D255D /* BikefindViewController.h */,
				642AA43E1B4D3BE6002D255D /* BikefindViewController.m */,
				642AA48F1B4E0C4E002D255D /* BikefindViewController.xib */,
				642AA49C1B4E4B30002D255D /* BikenaviViewController.h */,
				642AA49D1B4E4B30002D255D /* BikenaviViewController.m */,
				642AA4401B4D3C29002D255D /* SettingViewController.h */,
				642AA4411B4D3C29002D255D /* SettingViewController.m */,
			);
			name = Controllers;
			path = RESideMenuExample;
			sourceTree = "<group>";
		};
		642AA4481B4D4A04002D255D /* NetworkConnnection */ = {
			isa = PBXGroup;
			children = (
				642AA4971B4E155C002D255D /* Networkoperation.h */,
				642AA4981B4E155C002D255D /* Networkoperation.m */,
				642AA4801B4D4A0D002D255D /* ShenAFN.h */,
				642AA4811B4D4A0D002D255D /* ShenAFN.m */,
				642AA4491B4D4A04002D255D /* AFNetworking */,
				642AA45D1B4D4A04002D255D /* UIKit+AFNetworking */,
			);
			name = NetworkConnnection;
			path = RESideMenuExample/lib;
			sourceTree = "<group>";
		};
		642AA4491B4D4A04002D255D /* AFNetworking */ = {
			isa = PBXGroup;
			children = (
				642AA44A1B4D4A04002D255D /* AFHTTPRequestOperation.h */,
				642AA44B1B4D4A04002D255D /* AFHTTPRequestOperation.m */,
				642AA44C1B4D4A04002D255D /* AFHTTPRequestOperationManager.h */,
				642AA44D1B4D4A04002D255D /* AFHTTPRequestOperationManager.m */,
				642AA44E1B4D4A04002D255D /* AFHTTPSessionManager.h */,
				642AA44F1B4D4A04002D255D /* AFHTTPSessionManager.m */,
				642AA4501B4D4A04002D255D /* AFNetworking.h */,
				642AA4511B4D4A04002D255D /* AFNetworkReachabilityManager.h */,
				642AA4521B4D4A04002D255D /* AFNetworkReachabilityManager.m */,
				642AA4531B4D4A04002D255D /* AFSecurityPolicy.h */,
				642AA4541B4D4A04002D255D /* AFSecurityPolicy.m */,
				642AA4551B4D4A04002D255D /* AFURLConnectionOperation.h */,
				642AA4561B4D4A04002D255D /* AFURLConnectionOperation.m */,
				642AA4571B4D4A04002D255D /* AFURLRequestSerialization.h */,
				642AA4581B4D4A04002D255D /* AFURLRequestSerialization.m */,
				642AA4591B4D4A04002D255D /* AFURLResponseSerialization.h */,
				642AA45A1B4D4A04002D255D /* AFURLResponseSerialization.m */,
				642AA45B1B4D4A04002D255D /* AFURLSessionManager.h */,
				642AA45C1B4D4A04002D255D /* AFURLSessionManager.m */,
			);
			path = AFNetworking;
			sourceTree = "<group>";
		};
		642AA45D1B4D4A04002D255D /* UIKit+AFNetworking */ = {
			isa = PBXGroup;
			children = (
				642AA45E1B4D4A04002D255D /* AFNetworkActivityIndicatorManager.h */,
				642AA45F1B4D4A04002D255D /* AFNetworkActivityIndicatorManager.m */,
				642AA4601B4D4A04002D255D /* UIActivityIndicatorView+AFNetworking.h */,
				642AA4611B4D4A04002D255D /* UIActivityIndicatorView+AFNetworking.m */,
				642AA4621B4D4A04002D255D /* UIAlertView+AFNetworking.h */,
				642AA4631B4D4A04002D255D /* UIAlertView+AFNetworking.m */,
				642AA4641B4D4A04002D255D /* UIButton+AFNetworking.h */,
				642AA4651B4D4A04002D255D /* UIButton+AFNetworking.m */,
				642AA4661B4D4A04002D255D /* UIImageView+AFNetworking.h */,
				642AA4671B4D4A04002D255D /* UIImageView+AFNetworking.m */,
				642AA4681B4D4A04002D255D /* UIKit+AFNetworking.h */,
				642AA4691B4D4A04002D255D /* UIProgressView+AFNetworking.h */,
				642AA46A1B4D4A04002D255D /* UIProgressView+AFNetworking.m */,
				642AA46B1B4D4A04002D255D /* UIRefreshControl+AFNetworking.h */,
				642AA46C1B4D4A04002D255D /* UIRefreshControl+AFNetworking.m */,
				642AA46D1B4D4A04002D255D /* UIWebView+AFNetworking.h */,
				642AA46E1B4D4A04002D255D /* UIWebView+AFNetworking.m */,
			);
			path = "UIKit+AFNetworking";
			sourceTree = "<group>";
		};
		642AA48E1B4D635B002D255D /* CylinderBudgetChart */ = {
			isa = PBXGroup;
			children = (
				642AA48B1B4D631D002D255D /* CBCCylinderBudgetChartView.h */,
				642AA48C1B4D631D002D255D /* CBCCylinderBudgetChartView.m */,
			);
			name = CylinderBudgetChart;
			sourceTree = "<group>";
		};
		642AA4911B4E0CA7002D255D /* HSDatePickerViewController */ = {
			isa = PBXGroup;
			children = (
				642AA4921B4E0CA7002D255D /* HSDatePickerViewController.h */,
				642AA4931B4E0CA7002D255D /* HSDatePickerViewController.m */,
				642AA4941B4E0CA7002D255D /* HSDatePickerViewController.xib */,
			);
			path = HSDatePickerViewController;
			sourceTree = "<group>";
		};
/* End PBXGroup section */

/* Begin PBXNativeTarget section */
		642AA3EC1B4D331C002D255D /* Lock2015 */ = {
			isa = PBXNativeTarget;
			buildConfigurationList = 642AA4101B4D331C002D255D /* Build configuration list for PBXNativeTarget "Lock2015" */;
			buildPhases = (
				642AA3E91B4D331C002D255D /* Sources */,
				642AA3EA1B4D331C002D255D /* Frameworks */,
				642AA3EB1B4D331C002D255D /* Resources */,
			);
			buildRules = (
			);
			dependencies = (
			);
			name = Lock2015;
			productName = Lock2015;
			productReference = 642AA3ED1B4D331C002D255D /* Lock2015.app */;
			productType = "com.apple.product-type.application";
		};
		642AA4051B4D331C002D255D /* Lock2015Tests */ = {
			isa = PBXNativeTarget;
			buildConfigurationList = 642AA4131B4D331C002D255D /* Build configuration list for PBXNativeTarget "Lock2015Tests" */;
			buildPhases = (
				642AA4021B4D331C002D255D /* Sources */,
				642AA4031B4D331C002D255D /* Frameworks */,
				642AA4041B4D331C002D255D /* Resources */,
			);
			buildRules = (
			);
			dependencies = (
				642AA4081B4D331C002D255D /* PBXTargetDependency */,
			);
			name = Lock2015Tests;
			productName = Lock2015Tests;
			productReference = 642AA4061B4D331C002D255D /* Lock2015Tests.xctest */;
			productType = "com.apple.product-type.bundle.unit-test";
		};
/* End PBXNativeTarget section */

/* Begin PBXProject section */
		642AA3E51B4D331C002D255D /* Project object */ = {
			isa = PBXProject;
			attributes = {
				LastUpgradeCheck = 0640;
				ORGANIZATIONNAME = shen;
				TargetAttributes = {
					642AA3EC1B4D331C002D255D = {
						CreatedOnToolsVersion = 6.4;
					};
					642AA4051B4D331C002D255D = {
						CreatedOnToolsVersion = 6.4;
						TestTargetID = 642AA3EC1B4D331C002D255D;
					};
				};
			};
			buildConfigurationList = 642AA3E81B4D331C002D255D /* Build configuration list for PBXProject "Lock2015" */;
			compatibilityVersion = "Xcode 3.2";
			developmentRegion = English;
			hasScannedForEncodings = 0;
			knownRegions = (
				en,
				Base,
			);
			mainGroup = 642AA3E41B4D331C002D255D;
			productRefGroup = 642AA3EE1B4D331C002D255D /* Products */;
			projectDirPath = "";
			projectRoot = "";
			targets = (
				642AA3EC1B4D331C002D255D /* Lock2015 */,
				642AA4051B4D331C002D255D /* Lock2015Tests */,
			);
		};
/* End PBXProject section */

/* Begin PBXResourcesBuildPhase section */
		642AA3EB1B4D331C002D255D /* Resources */ = {
			isa = PBXResourcesBuildPhase;
			buildActionMask = 2147483647;
			files = (
				642AA3FC1B4D331C002D255D /* Main.storyboard in Resources */,
				642AA4901B4E0C4E002D255D /* BikefindViewController.xib in Resources */,
				642AA4011B4D331C002D255D /* LaunchScreen.xib in Resources */,
				642AA4961B4E0CA7002D255D /* HSDatePickerViewController.xib in Resources */,
				642AA49B1B4E440C002D255D /* IndexViewController.xib in Resources */,
				642AA3FE1B4D331C002D255D /* Images.xcassets in Resources */,
				642AA4871B4D5EDC002D255D /* RecordViewController.xib in Resources */,
			);
			runOnlyForDeploymentPostprocessing = 0;
		};
		642AA4041B4D331C002D255D /* Resources */ = {
			isa = PBXResourcesBuildPhase;
			buildActionMask = 2147483647;
			files = (
			);
			runOnlyForDeploymentPostprocessing = 0;
		};
/* End PBXResourcesBuildPhase section */

/* Begin PBXSourcesBuildPhase section */
		642AA3E91B4D331C002D255D /* Sources */ = {
			isa = PBXSourcesBuildPhase;
			buildActionMask = 2147483647;
			files = (
				642AA47A1B4D4A04002D255D /* UIAlertView+AFNetworking.m in Sources */,
				642AA48D1B4D631D002D255D /* CBCCylinderBudgetChartView.m in Sources */,
				642AA47C1B4D4A04002D255D /* UIImageView+AFNetworking.m in Sources */,
				642AA47B1B4D4A04002D255D /* UIButton+AFNetworking.m in Sources */,
				642AA46F1B4D4A04002D255D /* AFHTTPRequestOperation.m in Sources */,
				642AA4331B4D3349002D255D /* DEMOLeftMenuViewController.m in Sources */,
				642AA4321B4D3349002D255D /* IndexViewController.m in Sources */,
				642AA4771B4D4A04002D255D /* AFURLSessionManager.m in Sources */,
				642AA4781B4D4A04002D255D /* AFNetworkActivityIndicatorManager.m in Sources */,
				642AA4741B4D4A04002D255D /* AFURLConnectionOperation.m in Sources */,
				642AA4701B4D4A04002D255D /* AFHTTPRequestOperationManager.m in Sources */,
				642AA3F61B4D331C002D255D /* AppDelegate.m in Sources */,
				642AA4721B4D4A04002D255D /* AFNetworkReachabilityManager.m in Sources */,
				642AA4951B4E0CA7002D255D /* HSDatePickerViewController.m in Sources */,
				642AA3F31B4D331C002D255D /* main.m in Sources */,
				642AA4341B4D3349002D255D /* DEMORightMenuViewController.m in Sources */,
				642AA4731B4D4A04002D255D /* AFSecurityPolicy.m in Sources */,
				642AA4351B4D3349002D255D /* RecordViewController.m in Sources */,
				642AA4751B4D4A04002D255D /* AFURLRequestSerialization.m in Sources */,
				642AA41E1B4D3330002D255D /* RESideMenu.m in Sources */,
				642AA4761B4D4A04002D255D /* AFURLResponseSerialization.m in Sources */,
				642AA43F1B4D3BE6002D255D /* BikefindViewController.m in Sources */,
				642AA4791B4D4A04002D255D /* UIActivityIndicatorView+AFNetworking.m in Sources */,
				642AA47E1B4D4A04002D255D /* UIRefreshControl+AFNetworking.m in Sources */,
				642AA4821B4D4A0D002D255D /* ShenAFN.m in Sources */,
				642AA49E1B4E4B30002D255D /* BikenaviViewController.m in Sources */,
				642AA47D1B4D4A04002D255D /* UIProgressView+AFNetworking.m in Sources */,
				642AA41D1B4D3330002D255D /* RECommonFunctions.m in Sources */,
				642AA47F1B4D4A04002D255D /* UIWebView+AFNetworking.m in Sources */,
				642AA4711B4D4A04002D255D /* AFHTTPSessionManager.m in Sources */,
				642AA4421B4D3C29002D255D /* SettingViewController.m in Sources */,
				642AA4991B4E155C002D255D /* Networkoperation.m in Sources */,
				642AA41F1B4D3330002D255D /* UIViewController+RESideMenu.m in Sources */,
			);
			runOnlyForDeploymentPostprocessing = 0;
		};
		642AA4021B4D331C002D255D /* Sources */ = {
			isa = PBXSourcesBuildPhase;
			buildActionMask = 2147483647;
			files = (
				642AA40D1B4D331C002D255D /* Lock2015Tests.m in Sources */,
			);
			runOnlyForDeploymentPostprocessing = 0;
		};
/* End PBXSourcesBuildPhase section */

/* Begin PBXTargetDependency section */
		642AA4081B4D331C002D255D /* PBXTargetDependency */ = {
			isa = PBXTargetDependency;
			target = 642AA3EC1B4D331C002D255D /* Lock2015 */;
			targetProxy = 642AA4071B4D331C002D255D /* PBXContainerItemProxy */;
		};
/* End PBXTargetDependency section */

/* Begin PBXVariantGroup section */
		642AA3FA1B4D331C002D255D /* Main.storyboard */ = {
			isa = PBXVariantGroup;
			children = (
				642AA3FB1B4D331C002D255D /* Base */,
			);
			name = Main.storyboard;
			sourceTree = "<group>";
		};
		642AA3FF1B4D331C002D255D /* LaunchScreen.xib */ = {
			isa = PBXVariantGroup;
			children = (
				642AA4001B4D331C002D255D /* Base */,
			);
			name = LaunchScreen.xib;
			sourceTree = "<group>";
		};
/* End PBXVariantGroup section */

/* Begin XCBuildConfiguration section */
		642AA40E1B4D331C002D255D /* Debug */ = {
			isa = XCBuildConfiguration;
			buildSettings = {
				ALWAYS_SEARCH_USER_PATHS = NO;
				CLANG_CXX_LANGUAGE_STANDARD = "gnu++0x";
				CLANG_CXX_LIBRARY = "libc++";
				CLANG_ENABLE_MODULES = YES;
				CLANG_ENABLE_OBJC_ARC = YES;
				CLANG_WARN_BOOL_CONVERSION = YES;
				CLANG_WARN_CONSTANT_CONVERSION = YES;
				CLANG_WARN_DIRECT_OBJC_ISA_USAGE = YES_ERROR;
				CLANG_WARN_EMPTY_BODY = YES;
				CLANG_WARN_ENUM_CONVERSION = YES;
				CLANG_WARN_INT_CONVERSION = YES;
				CLANG_WARN_OBJC_ROOT_CLASS = YES_ERROR;
				CLANG_WARN_UNREACHABLE_CODE = YES;
				CLANG_WARN__DUPLICATE_METHOD_MATCH = YES;
				"CODE_SIGN_IDENTITY[sdk=iphoneos*]" = "iPhone Developer";
				COPY_PHASE_STRIP = NO;
				DEBUG_INFORMATION_FORMAT = "dwarf-with-dsym";
				ENABLE_STRICT_OBJC_MSGSEND = YES;
				GCC_C_LANGUAGE_STANDARD = gnu99;
				GCC_DYNAMIC_NO_PIC = NO;
				GCC_NO_COMMON_BLOCKS = YES;
				GCC_OPTIMIZATION_LEVEL = 0;
				GCC_PREPROCESSOR_DEFINITIONS = (
					"DEBUG=1",
					"$(inherited)",
				);
				GCC_SYMBOLS_PRIVATE_EXTERN = NO;
				GCC_WARN_64_TO_32_BIT_CONVERSION = YES;
				GCC_WARN_ABOUT_RETURN_TYPE = YES_ERROR;
				GCC_WARN_UNDECLARED_SELECTOR = YES;
				GCC_WARN_UNINITIALIZED_AUTOS = YES_AGGRESSIVE;
				GCC_WARN_UNUSED_FUNCTION = YES;
				GCC_WARN_UNUSED_VARIABLE = YES;
				IPHONEOS_DEPLOYMENT_TARGET = 8.4;
				MTL_ENABLE_DEBUG_INFO = YES;
				ONLY_ACTIVE_ARCH = YES;
				SDKROOT = iphoneos;
				TARGETED_DEVICE_FAMILY = "1,2";
			};
			name = Debug;
		};
		642AA40F1B4D331C002D255D /* Release */ = {
			isa = XCBuildConfiguration;
			buildSettings = {
				ALWAYS_SEARCH_USER_PATHS = NO;
				CLANG_CXX_LANGUAGE_STANDARD = "gnu++0x";
				CLANG_CXX_LIBRARY = "libc++";
				CLANG_ENABLE_MODULES = YES;
				CLANG_ENABLE_OBJC_ARC = YES;
				CLANG_WARN_BOOL_CONVERSION = YES;
				CLANG_WARN_CONSTANT_CONVERSION = YES;
				CLANG_WARN_DIRECT_OBJC_ISA_USAGE = YES_ERROR;
				CLANG_WARN_EMPTY_BODY = YES;
				CLANG_WARN_ENUM_CONVERSION = YES;
				CLANG_WARN_INT_CONVERSION = YES;
				CLANG_WARN_OBJC_ROOT_CLASS = YES_ERROR;
				CLANG_WARN_UNREACHABLE_CODE = YES;
				CLANG_WARN__DUPLICATE_METHOD_MATCH = YES;
				"CODE_SIGN_IDENTITY[sdk=iphoneos*]" = "iPhone Developer";
				COPY_PHASE_STRIP = NO;
				DEBUG_INFORMATION_FORMAT = "dwarf-with-dsym";
				ENABLE_NS_ASSERTIONS = NO;
				ENABLE_STRICT_OBJC_MSGSEND = YES;
				GCC_C_LANGUAGE_STANDARD = gnu99;
				GCC_NO_COMMON_BLOCKS = YES;
				GCC_WARN_64_TO_32_BIT_CONVERSION = YES;
				GCC_WARN_ABOUT_RETURN_TYPE = YES_ERROR;
				GCC_WARN_UNDECLARED_SELECTOR = YES;
				GCC_WARN_UNINITIALIZED_AUTOS = YES_AGGRESSIVE;
				GCC_WARN_UNUSED_FUNCTION = YES;
				GCC_WARN_UNUSED_VARIABLE = YES;
				IPHONEOS_DEPLOYMENT_TARGET = 8.4;
				MTL_ENABLE_DEBUG_INFO = NO;
				SDKROOT = iphoneos;
				TARGETED_DEVICE_FAMILY = "1,2";
				VALIDATE_PRODUCT = YES;
			};
			name = Release;
		};
		642AA4111B4D331C002D255D /* Debug */ = {
			isa = XCBuildConfiguration;
			buildSettings = {
				ASSETCATALOG_COMPILER_APPICON_NAME = AppIcon;
				INFOPLIST_FILE = Lock2015/Info.plist;
				LD_RUNPATH_SEARCH_PATHS = "$(inherited) @executable_path/Frameworks";
				PRODUCT_NAME = "$(TARGET_NAME)";
			};
			name = Debug;
		};
		642AA4121B4D331C002D255D /* Release */ = {
			isa = XCBuildConfiguration;
			buildSettings = {
				ASSETCATALOG_COMPILER_APPICON_NAME = AppIcon;
				INFOPLIST_FILE = Lock2015/Info.plist;
				LD_RUNPATH_SEARCH_PATHS = "$(inherited) @executable_path/Frameworks";
				PRODUCT_NAME = "$(TARGET_NAME)";
			};
			name = Release;
		};
		642AA4141B4D331C002D255D /* Debug */ = {
			isa = XCBuildConfiguration;
			buildSettings = {
				BUNDLE_LOADER = "$(TEST_HOST)";
				FRAMEWORK_SEARCH_PATHS = (
					"$(SDKROOT)/Developer/Library/Frameworks",
					"$(inherited)",
				);
				GCC_PREPROCESSOR_DEFINITIONS = (
					"DEBUG=1",
					"$(inherited)",
				);
				INFOPLIST_FILE = Lock2015Tests/Info.plist;
				LD_RUNPATH_SEARCH_PATHS = "$(inherited) @executable_path/Frameworks @loader_path/Frameworks";
				PRODUCT_NAME = "$(TARGET_NAME)";
				TEST_HOST = "$(BUILT_PRODUCTS_DIR)/Lock2015.app/Lock2015";
			};
			name = Debug;
		};
		642AA4151B4D331C002D255D /* Release */ = {
			isa = XCBuildConfiguration;
			buildSettings = {
				BUNDLE_LOADER = "$(TEST_HOST)";
				FRAMEWORK_SEARCH_PATHS = (
					"$(SDKROOT)/Developer/Library/Frameworks",
					"$(inherited)",
				);
				INFOPLIST_FILE = Lock2015Tests/Info.plist;
				LD_RUNPATH_SEARCH_PATHS = "$(inherited) @executable_path/Frameworks @loader_path/Frameworks";
				PRODUCT_NAME = "$(TARGET_NAME)";
				TEST_HOST = "$(BUILT_PRODUCTS_DIR)/Lock2015.app/Lock2015";
			};
			name = Release;
		};
/* End XCBuildConfiguration section */

/* Begin XCConfigurationList section */
		642AA3E81B4D331C002D255D /* Build configuration list for PBXProject "Lock2015" */ = {
			isa = XCConfigurationList;
			buildConfigurations = (
				642AA40E1B4D331C002D255D /* Debug */,
				642AA40F1B4D331C002D255D /* Release */,
			);
			defaultConfigurationIsVisible = 0;
			defaultConfigurationName = Release;
		};
		642AA4101B4D331C002D255D /* Build configuration list for PBXNativeTarget "Lock2015" */ = {
			isa = XCConfigurationList;
			buildConfigurations = (
				642AA4111B4D331C002D255D /* Debug */,
				642AA4121B4D331C002D255D /* Release */,
			);
			defaultConfigurationIsVisible = 0;
			defaultConfigurationName = Release;
		};
		642AA4131B4D331C002D255D /* Build configuration list for PBXNativeTarget "Lock2015Tests" */ = {
			isa = XCConfigurationList;
			buildConfigurations = (
				642AA4141B4D331C002D255D /* Debug */,
				642AA4151B4D331C002D255D /* Release */,
			);
			defaultConfigurationIsVisible = 0;
			defaultConfigurationName = Release;
		};
/* End XCConfigurationList section */
	};
	rootObject = 642AA3E51B4D331C002D255D /* Project object */;
}
