// !$*UTF8*$!
{
	archiveVersion = 1;
	classes = {
	};
	objectVersion = 46;
	objects = {

/* Begin PBXBuildFile section */
		6404A0BA1B52111E00077E0E /* BLEInfo.m in Sources */ = {isa = PBXBuildFile; fileRef = 6404A0B91B52111E00077E0E /* BLEInfo.m */; };
		6405A5541B5F5D9E00BF84D1 /* Security.framework in Frameworks */ = {isa = PBXBuildFile; fileRef = 6405A5531B5F5D9E00BF84D1 /* Security.framework */; };
		6405A5631B5FA80500BF84D1 /* CHKeychain.m in Sources */ = {isa = PBXBuildFile; fileRef = 6405A5621B5FA80500BF84D1 /* CHKeychain.m */; };
		6405A5651B5FAB9F00BF84D1 /* KeychainAccessGroups.plist in Resources */ = {isa = PBXBuildFile; fileRef = 6405A5641B5FAB9F00BF84D1 /* KeychainAccessGroups.plist */; };
		6406CF061B68D9CC007C79C5 /* TencentOpenAPI.framework in Frameworks */ = {isa = PBXBuildFile; fileRef = 6406CEED1B68D9CC007C79C5 /* TencentOpenAPI.framework */; };
		6406CF071B68D9CC007C79C5 /* TencentOpenApi_IOS_Bundle.bundle in Resources */ = {isa = PBXBuildFile; fileRef = 6406CEEE1B68D9CC007C79C5 /* TencentOpenApi_IOS_Bundle.bundle */; };
		6406CF081B68D9CC007C79C5 /* libWeiboSDK.a in Frameworks */ = {isa = PBXBuildFile; fileRef = 6406CEF01B68D9CC007C79C5 /* libWeiboSDK.a */; };
		6406CF091B68D9CC007C79C5 /* WeiboSDK.bundle in Resources */ = {isa = PBXBuildFile; fileRef = 6406CEF81B68D9CC007C79C5 /* WeiboSDK.bundle */; };
		6406CF0A1B68D9CC007C79C5 /* libWeChatSDK.a in Frameworks */ = {isa = PBXBuildFile; fileRef = 6406CEFC1B68D9CC007C79C5 /* libWeChatSDK.a */; };
		6406CF0B1B68D9CC007C79C5 /* MOBFoundation.framework in Frameworks */ = {isa = PBXBuildFile; fileRef = 6406CEFF1B68D9CC007C79C5 /* MOBFoundation.framework */; };
		6406CF0C1B68D9CC007C79C5 /* ShareSDK.bundle in Resources */ = {isa = PBXBuildFile; fileRef = 6406CF001B68D9CC007C79C5 /* ShareSDK.bundle */; };
		6406CF0D1B68D9CC007C79C5 /* ShareSDK.framework in Frameworks */ = {isa = PBXBuildFile; fileRef = 6406CF011B68D9CC007C79C5 /* ShareSDK.framework */; };
		6406CF0E1B68D9CC007C79C5 /* ShareSDKConnector.framework in Frameworks */ = {isa = PBXBuildFile; fileRef = 6406CF021B68D9CC007C79C5 /* ShareSDKConnector.framework */; };
		6406CF0F1B68D9CC007C79C5 /* ShareSDKExtension.framework in Frameworks */ = {isa = PBXBuildFile; fileRef = 6406CF031B68D9CC007C79C5 /* ShareSDKExtension.framework */; };
		6406CF101B68D9CC007C79C5 /* ShareSDKUI.bundle in Resources */ = {isa = PBXBuildFile; fileRef = 6406CF041B68D9CC007C79C5 /* ShareSDKUI.bundle */; };
		6406CF111B68D9CC007C79C5 /* ShareSDKUI.framework in Frameworks */ = {isa = PBXBuildFile; fileRef = 6406CF051B68D9CC007C79C5 /* ShareSDKUI.framework */; };
		6406CF131B68D9F0007C79C5 /* JavaScriptCore.framework in Frameworks */ = {isa = PBXBuildFile; fileRef = 6406CF121B68D9F0007C79C5 /* JavaScriptCore.framework */; };
		6406CF151B68DA24007C79C5 /* libstdc++.dylib in Frameworks */ = {isa = PBXBuildFile; fileRef = 6406CF141B68DA24007C79C5 /* libstdc++.dylib */; };
		6406CF171B68DA33007C79C5 /* ImageIO.framework in Frameworks */ = {isa = PBXBuildFile; fileRef = 6406CF161B68DA33007C79C5 /* ImageIO.framework */; };
		642AA3F31B4D331C002D255D /* main.m in Sources */ = {isa = PBXBuildFile; fileRef = 642AA3F21B4D331C002D255D /* main.m */; };
		642AA3F61B4D331C002D255D /* AppDelegate.m in Sources */ = {isa = PBXBuildFile; fileRef = 642AA3F51B4D331C002D255D /* AppDelegate.m */; };
		642AA3FC1B4D331C002D255D /* Main.storyboard in Resources */ = {isa = PBXBuildFile; fileRef = 642AA3FA1B4D331C002D255D /* Main.storyboard */; };
		642AA3FE1B4D331C002D255D /* Images.xcassets in Resources */ = {isa = PBXBuildFile; fileRef = 642AA3FD1B4D331C002D255D /* Images.xcassets */; };
		642AA4011B4D331C002D255D /* LaunchScreen.xib in Resources */ = {isa = PBXBuildFile; fileRef = 642AA3FF1B4D331C002D255D /* LaunchScreen.xib */; };
		642AA41D1B4D3330002D255D /* RECommonFunctions.m in Sources */ = {isa = PBXBuildFile; fileRef = 642AA4181B4D3330002D255D /* RECommonFunctions.m */; };
		642AA41E1B4D3330002D255D /* RESideMenu.m in Sources */ = {isa = PBXBuildFile; fileRef = 642AA41A1B4D3330002D255D /* RESideMenu.m */; };
		642AA41F1B4D3330002D255D /* UIViewController+RESideMenu.m in Sources */ = {isa = PBXBuildFile; fileRef = 642AA41C1B4D3330002D255D /* UIViewController+RESideMenu.m */; };
		642AA4321B4D3349002D255D /* IndexViewController.m in Sources */ = {isa = PBXBuildFile; fileRef = 642AA4241B4D3349002D255D /* IndexViewController.m */; };
		642AA4331B4D3349002D255D /* DEMOLeftMenuViewController.m in Sources */ = {isa = PBXBuildFile; fileRef = 642AA4261B4D3349002D255D /* DEMOLeftMenuViewController.m */; };
		642AA4341B4D3349002D255D /* DEMORightMenuViewController.m in Sources */ = {isa = PBXBuildFile; fileRef = 642AA4281B4D3349002D255D /* DEMORightMenuViewController.m */; };
		642AA4351B4D3349002D255D /* RecordViewController.m in Sources */ = {isa = PBXBuildFile; fileRef = 642AA42A1B4D3349002D255D /* RecordViewController.m */; };
		642AA43F1B4D3BE6002D255D /* BikefindViewController.m in Sources */ = {isa = PBXBuildFile; fileRef = 642AA43E1B4D3BE6002D255D /* BikefindViewController.m */; };
		642AA4421B4D3C29002D255D /* SettingViewController.m in Sources */ = {isa = PBXBuildFile; fileRef = 642AA4411B4D3C29002D255D /* SettingViewController.m */; };
		642AA46F1B4D4A04002D255D /* AFHTTPRequestOperation.m in Sources */ = {isa = PBXBuildFile; fileRef = 642AA44B1B4D4A04002D255D /* AFHTTPRequestOperation.m */; };
		642AA4701B4D4A04002D255D /* AFHTTPRequestOperationManager.m in Sources */ = {isa = PBXBuildFile; fileRef = 642AA44D1B4D4A04002D255D /* AFHTTPRequestOperationManager.m */; };
		642AA4711B4D4A04002D255D /* AFHTTPSessionManager.m in Sources */ = {isa = PBXBuildFile; fileRef = 642AA44F1B4D4A04002D255D /* AFHTTPSessionManager.m */; };
		642AA4721B4D4A04002D255D /* AFNetworkReachabilityManager.m in Sources */ = {isa = PBXBuildFile; fileRef = 642AA4521B4D4A04002D255D /* AFNetworkReachabilityManager.m */; };
		642AA4731B4D4A04002D255D /* AFSecurityPolicy.m in Sources */ = {isa = PBXBuildFile; fileRef = 642AA4541B4D4A04002D255D /* AFSecurityPolicy.m */; };
		642AA4741B4D4A04002D255D /* AFURLConnectionOperation.m in Sources */ = {isa = PBXBuildFile; fileRef = 642AA4561B4D4A04002D255D /* AFURLConnectionOperation.m */; };
		642AA4751B4D4A04002D255D /* AFURLRequestSerialization.m in Sources */ = {isa = PBXBuildFile; fileRef = 642AA4581B4D4A04002D255D /* AFURLRequestSerialization.m */; };
		642AA4761B4D4A04002D255D /* AFURLResponseSerialization.m in Sources */ = {isa = PBXBuildFile; fileRef = 642AA45A1B4D4A04002D255D /* AFURLResponseSerialization.m */; };
		642AA4771B4D4A04002D255D /* AFURLSessionManager.m in Sources */ = {isa = PBXBuildFile; fileRef = 642AA45C1B4D4A04002D255D /* AFURLSessionManager.m */; };
		642AA4781B4D4A04002D255D /* AFNetworkActivityIndicatorManager.m in Sources */ = {isa = PBXBuildFile; fileRef = 642AA45F1B4D4A04002D255D /* AFNetworkActivityIndicatorManager.m */; };
		642AA4791B4D4A04002D255D /* UIActivityIndicatorView+AFNetworking.m in Sources */ = {isa = PBXBuildFile; fileRef = 642AA4611B4D4A04002D255D /* UIActivityIndicatorView+AFNetworking.m */; };
		642AA47A1B4D4A04002D255D /* UIAlertView+AFNetworking.m in Sources */ = {isa = PBXBuildFile; fileRef = 642AA4631B4D4A04002D255D /* UIAlertView+AFNetworking.m */; };
		642AA47B1B4D4A04002D255D /* UIButton+AFNetworking.m in Sources */ = {isa = PBXBuildFile; fileRef = 642AA4651B4D4A04002D255D /* UIButton+AFNetworking.m */; };
		642AA47C1B4D4A04002D255D /* UIImageView+AFNetworking.m in Sources */ = {isa = PBXBuildFile; fileRef = 642AA4671B4D4A04002D255D /* UIImageView+AFNetworking.m */; };
		642AA47D1B4D4A04002D255D /* UIProgressView+AFNetworking.m in Sources */ = {isa = PBXBuildFile; fileRef = 642AA46A1B4D4A04002D255D /* UIProgressView+AFNetworking.m */; };
		642AA47E1B4D4A04002D255D /* UIRefreshControl+AFNetworking.m in Sources */ = {isa = PBXBuildFile; fileRef = 642AA46C1B4D4A04002D255D /* UIRefreshControl+AFNetworking.m */; };
		642AA47F1B4D4A04002D255D /* UIWebView+AFNetworking.m in Sources */ = {isa = PBXBuildFile; fileRef = 642AA46E1B4D4A04002D255D /* UIWebView+AFNetworking.m */; };
		642AA4821B4D4A0D002D255D /* ShenAFN.m in Sources */ = {isa = PBXBuildFile; fileRef = 642AA4811B4D4A0D002D255D /* ShenAFN.m */; };
		642AA4871B4D5EDC002D255D /* RecordViewController.xib in Resources */ = {isa = PBXBuildFile; fileRef = 642AA4861B4D5EDC002D255D /* RecordViewController.xib */; };
		642AA48D1B4D631D002D255D /* CBCCylinderBudgetChartView.m in Sources */ = {isa = PBXBuildFile; fileRef = 642AA48C1B4D631D002D255D /* CBCCylinderBudgetChartView.m */; };
		642AA4901B4E0C4E002D255D /* BikefindViewController.xib in Resources */ = {isa = PBXBuildFile; fileRef = 642AA48F1B4E0C4E002D255D /* BikefindViewController.xib */; };
		642AA4951B4E0CA7002D255D /* HSDatePickerViewController.m in Sources */ = {isa = PBXBuildFile; fileRef = 642AA4931B4E0CA7002D255D /* HSDatePickerViewController.m */; };
		642AA4961B4E0CA7002D255D /* HSDatePickerViewController.xib in Resources */ = {isa = PBXBuildFile; fileRef = 642AA4941B4E0CA7002D255D /* HSDatePickerViewController.xib */; };
		642AA49B1B4E440C002D255D /* IndexViewController.xib in Resources */ = {isa = PBXBuildFile; fileRef = 642AA49A1B4E440C002D255D /* IndexViewController.xib */; };
		642AA4A21B4E50B6002D255D /* DBTileButton.m in Sources */ = {isa = PBXBuildFile; fileRef = 642AA4A11B4E50B6002D255D /* DBTileButton.m */; };
		6452A8791B567EB40029A60E /* anjuke_icon_itis_position.png in Resources */ = {isa = PBXBuildFile; fileRef = 6452A8591B567EB40029A60E /* anjuke_icon_itis_position.png */; };
		6452A87A1B567EB40029A60E /* anjuke_icon_itis_position@2x.png in Resources */ = {isa = PBXBuildFile; fileRef = 6452A85A1B567EB40029A60E /* anjuke_icon_itis_position@2x.png */; };
		6452A87B1B567EB40029A60E /* anjuke_icon_to_position.png in Resources */ = {isa = PBXBuildFile; fileRef = 6452A85B1B567EB40029A60E /* anjuke_icon_to_position.png */; };
		6452A87C1B567EB40029A60E /* anjuke_icon_to_position1.png in Resources */ = {isa = PBXBuildFile; fileRef = 6452A85C1B567EB40029A60E /* anjuke_icon_to_position1.png */; };
		6452A87D1B567EB40029A60E /* anjuke_icon_to_position1@2x.png in Resources */ = {isa = PBXBuildFile; fileRef = 6452A85D1B567EB40029A60E /* anjuke_icon_to_position1@2x.png */; };
		6452A87E1B567EB40029A60E /* anjuke_icon_to_position@2x.png in Resources */ = {isa = PBXBuildFile; fileRef = 6452A85E1B567EB40029A60E /* anjuke_icon_to_position@2x.png */; };
		6452A87F1B567EB40029A60E /* CheckInstalledMapAPP.m in Sources */ = {isa = PBXBuildFile; fileRef = 6452A8601B567EB40029A60E /* CheckInstalledMapAPP.m */; };
		6452A8801B567EB40029A60E /* LocationChange.m in Sources */ = {isa = PBXBuildFile; fileRef = 6452A8621B567EB40029A60E /* LocationChange.m */; };
		6452A8811B567EB40029A60E /* LocIsBaidu.m in Sources */ = {isa = PBXBuildFile; fileRef = 6452A8641B567EB40029A60E /* LocIsBaidu.m */; };
		6452A8841B567EB40029A60E /* RegionAnnotation.m in Sources */ = {isa = PBXBuildFile; fileRef = 6452A86A1B567EB40029A60E /* RegionAnnotation.m */; };
		6452A8851B567EB40029A60E /* RegionAnnotationView.m in Sources */ = {isa = PBXBuildFile; fileRef = 6452A86C1B567EB40029A60E /* RegionAnnotationView.m */; };
		6452A8861B567EB40029A60E /* wl_map_icon_1.png in Resources */ = {isa = PBXBuildFile; fileRef = 6452A86D1B567EB40029A60E /* wl_map_icon_1.png */; };
		6452A8871B567EB40029A60E /* wl_map_icon_1@2x.png in Resources */ = {isa = PBXBuildFile; fileRef = 6452A86E1B567EB40029A60E /* wl_map_icon_1@2x.png */; };
		6452A8881B567EB40029A60E /* wl_map_icon_1_press.png in Resources */ = {isa = PBXBuildFile; fileRef = 6452A86F1B567EB40029A60E /* wl_map_icon_1_press.png */; };
		6452A8891B567EB40029A60E /* wl_map_icon_1_press@2x.png in Resources */ = {isa = PBXBuildFile; fileRef = 6452A8701B567EB40029A60E /* wl_map_icon_1_press@2x.png */; };
		6452A88A1B567EB40029A60E /* wl_map_icon_4.png in Resources */ = {isa = PBXBuildFile; fileRef = 6452A8711B567EB40029A60E /* wl_map_icon_4.png */; };
		6452A88B1B567EB40029A60E /* wl_map_icon_4@2x.png in Resources */ = {isa = PBXBuildFile; fileRef = 6452A8721B567EB40029A60E /* wl_map_icon_4@2x.png */; };
		6452A88C1B567EB40029A60E /* wl_map_icon_5.png in Resources */ = {isa = PBXBuildFile; fileRef = 6452A8731B567EB40029A60E /* wl_map_icon_5.png */; };
		6452A88D1B567EB40029A60E /* wl_map_icon_5@2x.png in Resources */ = {isa = PBXBuildFile; fileRef = 6452A8741B567EB40029A60E /* wl_map_icon_5@2x.png */; };
		6452A88E1B567EB40029A60E /* wl_map_icon_position.png in Resources */ = {isa = PBXBuildFile; fileRef = 6452A8751B567EB40029A60E /* wl_map_icon_position.png */; };
		6452A88F1B567EB40029A60E /* wl_map_icon_position@2x.png in Resources */ = {isa = PBXBuildFile; fileRef = 6452A8761B567EB40029A60E /* wl_map_icon_position@2x.png */; };
		6452A8901B567EB40029A60E /* wl_map_icon_position_press.png in Resources */ = {isa = PBXBuildFile; fileRef = 6452A8771B567EB40029A60E /* wl_map_icon_position_press.png */; };
		6452A8911B567EB40029A60E /* wl_map_icon_position_press@2x.png in Resources */ = {isa = PBXBuildFile; fileRef = 6452A8781B567EB40029A60E /* wl_map_icon_position_press@2x.png */; };
		6452A89C1B567FC30029A60E /* libicucore.dylib in Frameworks */ = {isa = PBXBuildFile; fileRef = 6452A89B1B567FC30029A60E /* libicucore.dylib */; };
		6452A89E1B567FCB0029A60E /* libz.1.2.5.dylib in Frameworks */ = {isa = PBXBuildFile; fileRef = 6452A89D1B567FCB0029A60E /* libz.1.2.5.dylib */; };
		6452A8A01B567FF60029A60E /* CoreGraphics.framework in Frameworks */ = {isa = PBXBuildFile; fileRef = 6452A89F1B567FF60029A60E /* CoreGraphics.framework */; };
		6452A8A21B5680010029A60E /* MapKit.framework in Frameworks */ = {isa = PBXBuildFile; fileRef = 6452A8A11B5680010029A60E /* MapKit.framework */; };
		6452A8A41B56801C0029A60E /* CoreLocation.framework in Frameworks */ = {isa = PBXBuildFile; fileRef = 6452A8A31B56801C0029A60E /* CoreLocation.framework */; };
		6452A8A61B5680260029A60E /* Foundation.framework in Frameworks */ = {isa = PBXBuildFile; fileRef = 6452A8A51B5680260029A60E /* Foundation.framework */; };
		6452A8A81B5680420029A60E /* UIKit.framework in Frameworks */ = {isa = PBXBuildFile; fileRef = 6452A8A71B5680420029A60E /* UIKit.framework */; };
		6465828C1B53937200B61BEA /* QRCodeViewController.m in Sources */ = {isa = PBXBuildFile; fileRef = 6465828B1B53937200B61BEA /* QRCodeViewController.m */; };
		6465828F1B5393CD00B61BEA /* line@2x.png in Resources */ = {isa = PBXBuildFile; fileRef = 6465828D1B5393CD00B61BEA /* line@2x.png */; };
		6465829A1B5396E600B61BEA /* FirstpageViewController.m in Sources */ = {isa = PBXBuildFile; fileRef = 646582981B5396E600B61BEA /* FirstpageViewController.m */; };
		6465829B1B5396E600B61BEA /* FirstpageViewController.xib in Resources */ = {isa = PBXBuildFile; fileRef = 646582991B5396E600B61BEA /* FirstpageViewController.xib */; };
		646582A11B5399AB00B61BEA /* EAIntroPage.m in Sources */ = {isa = PBXBuildFile; fileRef = 6465829E1B5399AB00B61BEA /* EAIntroPage.m */; };
		646582A21B5399AB00B61BEA /* EAIntroView.m in Sources */ = {isa = PBXBuildFile; fileRef = 646582A01B5399AB00B61BEA /* EAIntroView.m */; };
		646582BF1B53A30200B61BEA /* MBProgressHUD.m in Sources */ = {isa = PBXBuildFile; fileRef = 646582BE1B53A30200B61BEA /* MBProgressHUD.m */; };
		646582C21B53A55A00B61BEA /* 37x-Checkmark.png in Resources */ = {isa = PBXBuildFile; fileRef = 646582C01B53A55A00B61BEA /* 37x-Checkmark.png */; };
		646582C31B53A55A00B61BEA /* 37x-Checkmark@2x.png in Resources */ = {isa = PBXBuildFile; fileRef = 646582C11B53A55A00B61BEA /* 37x-Checkmark@2x.png */; };
		647C24081B5E8E4300040667 /* Routepolyline.m in Sources */ = {isa = PBXBuildFile; fileRef = 647C24021B5E8E4300040667 /* Routepolyline.m */; };
		647C240B1B5E8E4300040667 /* QSearchViewController.m in Sources */ = {isa = PBXBuildFile; fileRef = 647C24071B5E8E4300040667 /* QSearchViewController.m */; };
		6491765D1B63AEC60051649C /* MapViewController.m in Sources */ = {isa = PBXBuildFile; fileRef = 6491765A1B63AEC60051649C /* MapViewController.m */; };
		6491765E1B63AEC60051649C /* MapViewController.xib in Resources */ = {isa = PBXBuildFile; fileRef = 6491765B1B63AEC60051649C /* MapViewController.xib */; };
		649176621B63AF1C0051649C /* BikerouteViewController.m in Sources */ = {isa = PBXBuildFile; fileRef = 649176601B63AF1C0051649C /* BikerouteViewController.m */; };
		649176631B63AF1C0051649C /* BikerouteViewController.xib in Resources */ = {isa = PBXBuildFile; fileRef = 649176611B63AF1C0051649C /* BikerouteViewController.xib */; };
/* End PBXBuildFile section */

/* Begin PBXFileReference section */
		6404A0B81B52111E00077E0E /* BLEInfo.h */ = {isa = PBXFileReference; fileEncoding = 4; lastKnownFileType = sourcecode.c.h; path = BLEInfo.h; sourceTree = "<group>"; };
		6404A0B91B52111E00077E0E /* BLEInfo.m */ = {isa = PBXFileReference; fileEncoding = 4; lastKnownFileType = sourcecode.c.objc; path = BLEInfo.m; sourceTree = "<group>"; };
		6405A5531B5F5D9E00BF84D1 /* Security.framework */ = {isa = PBXFileReference; lastKnownFileType = wrapper.framework; name = Security.framework; path = System/Library/Frameworks/Security.framework; sourceTree = SDKROOT; };
		6405A5611B5FA80500BF84D1 /* CHKeychain.h */ = {isa = PBXFileReference; fileEncoding = 4; lastKnownFileType = sourcecode.c.h; path = CHKeychain.h; sourceTree = "<group>"; };
		6405A5621B5FA80500BF84D1 /* CHKeychain.m */ = {isa = PBXFileReference; fileEncoding = 4; lastKnownFileType = sourcecode.c.objc; path = CHKeychain.m; sourceTree = "<group>"; };
		6405A5641B5FAB9F00BF84D1 /* KeychainAccessGroups.plist */ = {isa = PBXFileReference; fileEncoding = 4; lastKnownFileType = text.plist.xml; path = KeychainAccessGroups.plist; sourceTree = "<group>"; };
		6406CEED1B68D9CC007C79C5 /* TencentOpenAPI.framework */ = {isa = PBXFileReference; lastKnownFileType = wrapper.framework; path = TencentOpenAPI.framework; sourceTree = "<group>"; };
		6406CEEE1B68D9CC007C79C5 /* TencentOpenApi_IOS_Bundle.bundle */ = {isa = PBXFileReference; lastKnownFileType = "wrapper.plug-in"; path = TencentOpenApi_IOS_Bundle.bundle; sourceTree = "<group>"; };
		6406CEF01B68D9CC007C79C5 /* libWeiboSDK.a */ = {isa = PBXFileReference; lastKnownFileType = archive.ar; path = libWeiboSDK.a; sourceTree = "<group>"; };
		6406CEF11B68D9CC007C79C5 /* WBHttpRequest+WeiboShare.h */ = {isa = PBXFileReference; fileEncoding = 4; lastKnownFileType = sourcecode.c.h; path = "WBHttpRequest+WeiboShare.h"; sourceTree = "<group>"; };
		6406CEF21B68D9CC007C79C5 /* WBHttpRequest+WeiboToken.h */ = {isa = PBXFileReference; fileEncoding = 4; lastKnownFileType = sourcecode.c.h; path = "WBHttpRequest+WeiboToken.h"; sourceTree = "<group>"; };
		6406CEF31B68D9CC007C79C5 /* WBHttpRequest+WeiboUser.h */ = {isa = PBXFileReference; fileEncoding = 4; lastKnownFileType = sourcecode.c.h; path = "WBHttpRequest+WeiboUser.h"; sourceTree = "<group>"; };
		6406CEF41B68D9CC007C79C5 /* WBHttpRequest.h */ = {isa = PBXFileReference; fileEncoding = 4; lastKnownFileType = sourcecode.c.h; path = WBHttpRequest.h; sourceTree = "<group>"; };
		6406CEF51B68D9CC007C79C5 /* WBSDKBasicButton.h */ = {isa = PBXFileReference; fileEncoding = 4; lastKnownFileType = sourcecode.c.h; path = WBSDKBasicButton.h; sourceTree = "<group>"; };
		6406CEF61B68D9CC007C79C5 /* WBSDKCommentButton.h */ = {isa = PBXFileReference; fileEncoding = 4; lastKnownFileType = sourcecode.c.h; path = WBSDKCommentButton.h; sourceTree = "<group>"; };
		6406CEF71B68D9CC007C79C5 /* WBSDKRelationshipButton.h */ = {isa = PBXFileReference; fileEncoding = 4; lastKnownFileType = sourcecode.c.h; path = WBSDKRelationshipButton.h; sourceTree = "<group>"; };
		6406CEF81B68D9CC007C79C5 /* WeiboSDK.bundle */ = {isa = PBXFileReference; lastKnownFileType = "wrapper.plug-in"; path = WeiboSDK.bundle; sourceTree = "<group>"; };
		6406CEF91B68D9CC007C79C5 /* WeiboSDK.h */ = {isa = PBXFileReference; fileEncoding = 4; lastKnownFileType = sourcecode.c.h; path = WeiboSDK.h; sourceTree = "<group>"; };
		6406CEFA1B68D9CC007C79C5 /* WeiboUser.h */ = {isa = PBXFileReference; fileEncoding = 4; lastKnownFileType = sourcecode.c.h; path = WeiboUser.h; sourceTree = "<group>"; };
		6406CEFC1B68D9CC007C79C5 /* libWeChatSDK.a */ = {isa = PBXFileReference; lastKnownFileType = archive.ar; path = libWeChatSDK.a; sourceTree = "<group>"; };
		6406CEFD1B68D9CC007C79C5 /* WXApi.h */ = {isa = PBXFileReference; fileEncoding = 4; lastKnownFileType = sourcecode.c.h; path = WXApi.h; sourceTree = "<group>"; };
		6406CEFE1B68D9CC007C79C5 /* WXApiObject.h */ = {isa = PBXFileReference; fileEncoding = 4; lastKnownFileType = sourcecode.c.h; path = WXApiObject.h; sourceTree = "<group>"; };
		6406CEFF1B68D9CC007C79C5 /* MOBFoundation.framework */ = {isa = PBXFileReference; lastKnownFileType = wrapper.framework; path = MOBFoundation.framework; sourceTree = "<group>"; };
		6406CF001B68D9CC007C79C5 /* ShareSDK.bundle */ = {isa = PBXFileReference; lastKnownFileType = "wrapper.plug-in"; path = ShareSDK.bundle; sourceTree = "<group>"; };
		6406CF011B68D9CC007C79C5 /* ShareSDK.framework */ = {isa = PBXFileReference; lastKnownFileType = wrapper.framework; path = ShareSDK.framework; sourceTree = "<group>"; };
		6406CF021B68D9CC007C79C5 /* ShareSDKConnector.framework */ = {isa = PBXFileReference; lastKnownFileType = wrapper.framework; path = ShareSDKConnector.framework; sourceTree = "<group>"; };
		6406CF031B68D9CC007C79C5 /* ShareSDKExtension.framework */ = {isa = PBXFileReference; lastKnownFileType = wrapper.framework; path = ShareSDKExtension.framework; sourceTree = "<group>"; };
		6406CF041B68D9CC007C79C5 /* ShareSDKUI.bundle */ = {isa = PBXFileReference; lastKnownFileType = "wrapper.plug-in"; path = ShareSDKUI.bundle; sourceTree = "<group>"; };
		6406CF051B68D9CC007C79C5 /* ShareSDKUI.framework */ = {isa = PBXFileReference; lastKnownFileType = wrapper.framework; path = ShareSDKUI.framework; sourceTree = "<group>"; };
		6406CF121B68D9F0007C79C5 /* JavaScriptCore.framework */ = {isa = PBXFileReference; lastKnownFileType = wrapper.framework; name = JavaScriptCore.framework; path = System/Library/Frameworks/JavaScriptCore.framework; sourceTree = SDKROOT; };
		6406CF141B68DA24007C79C5 /* libstdc++.dylib */ = {isa = PBXFileReference; lastKnownFileType = "compiled.mach-o.dylib"; name = "libstdc++.dylib"; path = "usr/lib/libstdc++.dylib"; sourceTree = SDKROOT; };
		6406CF161B68DA33007C79C5 /* ImageIO.framework */ = {isa = PBXFileReference; lastKnownFileType = wrapper.framework; name = ImageIO.framework; path = System/Library/Frameworks/ImageIO.framework; sourceTree = SDKROOT; };
		642AA3ED1B4D331C002D255D /* Lock2015.app */ = {isa = PBXFileReference; explicitFileType = wrapper.application; includeInIndex = 0; path = Lock2015.app; sourceTree = BUILT_PRODUCTS_DIR; };
		642AA3F11B4D331C002D255D /* Info.plist */ = {isa = PBXFileReference; lastKnownFileType = text.plist.xml; path = Info.plist; sourceTree = "<group>"; };
		642AA3F21B4D331C002D255D /* main.m */ = {isa = PBXFileReference; lastKnownFileType = sourcecode.c.objc; path = main.m; sourceTree = "<group>"; };
		642AA3F41B4D331C002D255D /* AppDelegate.h */ = {isa = PBXFileReference; lastKnownFileType = sourcecode.c.h; path = AppDelegate.h; sourceTree = "<group>"; };
		642AA3F51B4D331C002D255D /* AppDelegate.m */ = {isa = PBXFileReference; lastKnownFileType = sourcecode.c.objc; path = AppDelegate.m; sourceTree = "<group>"; };
		642AA3FB1B4D331C002D255D /* Base */ = {isa = PBXFileReference; lastKnownFileType = file.storyboard; name = Base; path = Base.lproj/Main.storyboard; sourceTree = "<group>"; };
		642AA3FD1B4D331C002D255D /* Images.xcassets */ = {isa = PBXFileReference; lastKnownFileType = folder.assetcatalog; path = Images.xcassets; sourceTree = "<group>"; };
		642AA4001B4D331C002D255D /* Base */ = {isa = PBXFileReference; lastKnownFileType = file.xib; name = Base; path = Base.lproj/LaunchScreen.xib; sourceTree = "<group>"; };
		642AA40B1B4D331C002D255D /* Info.plist */ = {isa = PBXFileReference; lastKnownFileType = text.plist.xml; path = Info.plist; sourceTree = "<group>"; };
		642AA40C1B4D331C002D255D /* Lock2015Tests.m */ = {isa = PBXFileReference; lastKnownFileType = sourcecode.c.objc; path = Lock2015Tests.m; sourceTree = "<group>"; };
		642AA4171B4D3330002D255D /* RECommonFunctions.h */ = {isa = PBXFileReference; fileEncoding = 4; lastKnownFileType = sourcecode.c.h; path = RECommonFunctions.h; sourceTree = "<group>"; };
		642AA4181B4D3330002D255D /* RECommonFunctions.m */ = {isa = PBXFileReference; fileEncoding = 4; lastKnownFileType = sourcecode.c.objc; path = RECommonFunctions.m; sourceTree = "<group>"; };
		642AA4191B4D3330002D255D /* RESideMenu.h */ = {isa = PBXFileReference; fileEncoding = 4; lastKnownFileType = sourcecode.c.h; path = RESideMenu.h; sourceTree = "<group>"; };
		642AA41A1B4D3330002D255D /* RESideMenu.m */ = {isa = PBXFileReference; fileEncoding = 4; lastKnownFileType = sourcecode.c.objc; path = RESideMenu.m; sourceTree = "<group>"; };
		642AA41B1B4D3330002D255D /* UIViewController+RESideMenu.h */ = {isa = PBXFileReference; fileEncoding = 4; lastKnownFileType = sourcecode.c.h; path = "UIViewController+RESideMenu.h"; sourceTree = "<group>"; };
		642AA41C1B4D3330002D255D /* UIViewController+RESideMenu.m */ = {isa = PBXFileReference; fileEncoding = 4; lastKnownFileType = sourcecode.c.objc; path = "UIViewController+RESideMenu.m"; sourceTree = "<group>"; };
		642AA4231B4D3349002D255D /* IndexViewController.h */ = {isa = PBXFileReference; fileEncoding = 4; lastKnownFileType = sourcecode.c.h; path = IndexViewController.h; sourceTree = "<group>"; };
		642AA4241B4D3349002D255D /* IndexViewController.m */ = {isa = PBXFileReference; fileEncoding = 4; lastKnownFileType = sourcecode.c.objc; path = IndexViewController.m; sourceTree = "<group>"; };
		642AA4251B4D3349002D255D /* DEMOLeftMenuViewController.h */ = {isa = PBXFileReference; fileEncoding = 4; lastKnownFileType = sourcecode.c.h; name = DEMOLeftMenuViewController.h; path = Lock2015/RESideMenuExample/DEMOLeftMenuViewController.h; sourceTree = SOURCE_ROOT; };
		642AA4261B4D3349002D255D /* DEMOLeftMenuViewController.m */ = {isa = PBXFileReference; fileEncoding = 4; lastKnownFileType = sourcecode.c.objc; name = DEMOLeftMenuViewController.m; path = Lock2015/RESideMenuExample/DEMOLeftMenuViewController.m; sourceTree = SOURCE_ROOT; };
		642AA4271B4D3349002D255D /* DEMORightMenuViewController.h */ = {isa = PBXFileReference; fileEncoding = 4; lastKnownFileType = sourcecode.c.h; name = DEMORightMenuViewController.h; path = Lock2015/RESideMenuExample/DEMORightMenuViewController.h; sourceTree = SOURCE_ROOT; };
		642AA4281B4D3349002D255D /* DEMORightMenuViewController.m */ = {isa = PBXFileReference; fileEncoding = 4; lastKnownFileType = sourcecode.c.objc; name = DEMORightMenuViewController.m; path = Lock2015/RESideMenuExample/DEMORightMenuViewController.m; sourceTree = SOURCE_ROOT; };
		642AA4291B4D3349002D255D /* RecordViewController.h */ = {isa = PBXFileReference; fileEncoding = 4; lastKnownFileType = sourcecode.c.h; path = RecordViewController.h; sourceTree = "<group>"; };
		642AA42A1B4D3349002D255D /* RecordViewController.m */ = {isa = PBXFileReference; fileEncoding = 4; lastKnownFileType = sourcecode.c.objc; path = RecordViewController.m; sourceTree = "<group>"; };
		642AA43D1B4D3BE6002D255D /* BikefindViewController.h */ = {isa = PBXFileReference; fileEncoding = 4; lastKnownFileType = sourcecode.c.h; path = BikefindViewController.h; sourceTree = "<group>"; };
		642AA43E1B4D3BE6002D255D /* BikefindViewController.m */ = {isa = PBXFileReference; fileEncoding = 4; lastKnownFileType = sourcecode.c.objc; path = BikefindViewController.m; sourceTree = "<group>"; };
		642AA4401B4D3C29002D255D /* SettingViewController.h */ = {isa = PBXFileReference; fileEncoding = 4; lastKnownFileType = sourcecode.c.h; path = SettingViewController.h; sourceTree = "<group>"; };
		642AA4411B4D3C29002D255D /* SettingViewController.m */ = {isa = PBXFileReference; fileEncoding = 4; lastKnownFileType = sourcecode.c.objc; path = SettingViewController.m; sourceTree = "<group>"; };
		642AA44A1B4D4A04002D255D /* AFHTTPRequestOperation.h */ = {isa = PBXFileReference; fileEncoding = 4; lastKnownFileType = sourcecode.c.h; path = AFHTTPRequestOperation.h; sourceTree = "<group>"; };
		642AA44B1B4D4A04002D255D /* AFHTTPRequestOperation.m */ = {isa = PBXFileReference; fileEncoding = 4; lastKnownFileType = sourcecode.c.objc; path = AFHTTPRequestOperation.m; sourceTree = "<group>"; };
		642AA44C1B4D4A04002D255D /* AFHTTPRequestOperationManager.h */ = {isa = PBXFileReference; fileEncoding = 4; lastKnownFileType = sourcecode.c.h; path = AFHTTPRequestOperationManager.h; sourceTree = "<group>"; };
		642AA44D1B4D4A04002D255D /* AFHTTPRequestOperationManager.m */ = {isa = PBXFileReference; fileEncoding = 4; lastKnownFileType = sourcecode.c.objc; path = AFHTTPRequestOperationManager.m; sourceTree = "<group>"; };
		642AA44E1B4D4A04002D255D /* AFHTTPSessionManager.h */ = {isa = PBXFileReference; fileEncoding = 4; lastKnownFileType = sourcecode.c.h; path = AFHTTPSessionManager.h; sourceTree = "<group>"; };
		642AA44F1B4D4A04002D255D /* AFHTTPSessionManager.m */ = {isa = PBXFileReference; fileEncoding = 4; lastKnownFileType = sourcecode.c.objc; path = AFHTTPSessionManager.m; sourceTree = "<group>"; };
		642AA4501B4D4A04002D255D /* AFNetworking.h */ = {isa = PBXFileReference; fileEncoding = 4; lastKnownFileType = sourcecode.c.h; path = AFNetworking.h; sourceTree = "<group>"; };
		642AA4511B4D4A04002D255D /* AFNetworkReachabilityManager.h */ = {isa = PBXFileReference; fileEncoding = 4; lastKnownFileType = sourcecode.c.h; path = AFNetworkReachabilityManager.h; sourceTree = "<group>"; };
		642AA4521B4D4A04002D255D /* AFNetworkReachabilityManager.m */ = {isa = PBXFileReference; fileEncoding = 4; lastKnownFileType = sourcecode.c.objc; path = AFNetworkReachabilityManager.m; sourceTree = "<group>"; };
		642AA4531B4D4A04002D255D /* AFSecurityPolicy.h */ = {isa = PBXFileReference; fileEncoding = 4; lastKnownFileType = sourcecode.c.h; path = AFSecurityPolicy.h; sourceTree = "<group>"; };
		642AA4541B4D4A04002D255D /* AFSecurityPolicy.m */ = {isa = PBXFileReference; fileEncoding = 4; lastKnownFileType = sourcecode.c.objc; path = AFSecurityPolicy.m; sourceTree = "<group>"; };
		642AA4551B4D4A04002D255D /* AFURLConnectionOperation.h */ = {isa = PBXFileReference; fileEncoding = 4; lastKnownFileType = sourcecode.c.h; path = AFURLConnectionOperation.h; sourceTree = "<group>"; };
		642AA4561B4D4A04002D255D /* AFURLConnectionOperation.m */ = {isa = PBXFileReference; fileEncoding = 4; lastKnownFileType = sourcecode.c.objc; path = AFURLConnectionOperation.m; sourceTree = "<group>"; };
		642AA4571B4D4A04002D255D /* AFURLRequestSerialization.h */ = {isa = PBXFileReference; fileEncoding = 4; lastKnownFileType = sourcecode.c.h; path = AFURLRequestSerialization.h; sourceTree = "<group>"; };
		642AA4581B4D4A04002D255D /* AFURLRequestSerialization.m */ = {isa = PBXFileReference; fileEncoding = 4; lastKnownFileType = sourcecode.c.objc; path = AFURLRequestSerialization.m; sourceTree = "<group>"; };
		642AA4591B4D4A04002D255D /* AFURLResponseSerialization.h */ = {isa = PBXFileReference; fileEncoding = 4; lastKnownFileType = sourcecode.c.h; path = AFURLResponseSerialization.h; sourceTree = "<group>"; };
		642AA45A1B4D4A04002D255D /* AFURLResponseSerialization.m */ = {isa = PBXFileReference; fileEncoding = 4; lastKnownFileType = sourcecode.c.objc; path = AFURLResponseSerialization.m; sourceTree = "<group>"; };
		642AA45B1B4D4A04002D255D /* AFURLSessionManager.h */ = {isa = PBXFileReference; fileEncoding = 4; lastKnownFileType = sourcecode.c.h; path = AFURLSessionManager.h; sourceTree = "<group>"; };
		642AA45C1B4D4A04002D255D /* AFURLSessionManager.m */ = {isa = PBXFileReference; fileEncoding = 4; lastKnownFileType = sourcecode.c.objc; path = AFURLSessionManager.m; sourceTree = "<group>"; };
		642AA45E1B4D4A04002D255D /* AFNetworkActivityIndicatorManager.h */ = {isa = PBXFileReference; fileEncoding = 4; lastKnownFileType = sourcecode.c.h; path = AFNetworkActivityIndicatorManager.h; sourceTree = "<group>"; };
		642AA45F1B4D4A04002D255D /* AFNetworkActivityIndicatorManager.m */ = {isa = PBXFileReference; fileEncoding = 4; lastKnownFileType = sourcecode.c.objc; path = AFNetworkActivityIndicatorManager.m; sourceTree = "<group>"; };
		642AA4601B4D4A04002D255D /* UIActivityIndicatorView+AFNetworking.h */ = {isa = PBXFileReference; fileEncoding = 4; lastKnownFileType = sourcecode.c.h; path = "UIActivityIndicatorView+AFNetworking.h"; sourceTree = "<group>"; };
		642AA4611B4D4A04002D255D /* UIActivityIndicatorView+AFNetworking.m */ = {isa = PBXFileReference; fileEncoding = 4; lastKnownFileType = sourcecode.c.objc; path = "UIActivityIndicatorView+AFNetworking.m"; sourceTree = "<group>"; };
		642AA4621B4D4A04002D255D /* UIAlertView+AFNetworking.h */ = {isa = PBXFileReference; fileEncoding = 4; lastKnownFileType = sourcecode.c.h; path = "UIAlertView+AFNetworking.h"; sourceTree = "<group>"; };
		642AA4631B4D4A04002D255D /* UIAlertView+AFNetworking.m */ = {isa = PBXFileReference; fileEncoding = 4; lastKnownFileType = sourcecode.c.objc; path = "UIAlertView+AFNetworking.m"; sourceTree = "<group>"; };
		642AA4641B4D4A04002D255D /* UIButton+AFNetworking.h */ = {isa = PBXFileReference; fileEncoding = 4; lastKnownFileType = sourcecode.c.h; path = "UIButton+AFNetworking.h"; sourceTree = "<group>"; };
		642AA4651B4D4A04002D255D /* UIButton+AFNetworking.m */ = {isa = PBXFileReference; fileEncoding = 4; lastKnownFileType = sourcecode.c.objc; path = "UIButton+AFNetworking.m"; sourceTree = "<group>"; };
		642AA4661B4D4A04002D255D /* UIImageView+AFNetworking.h */ = {isa = PBXFileReference; fileEncoding = 4; lastKnownFileType = sourcecode.c.h; path = "UIImageView+AFNetworking.h"; sourceTree = "<group>"; };
		642AA4671B4D4A04002D255D /* UIImageView+AFNetworking.m */ = {isa = PBXFileReference; fileEncoding = 4; lastKnownFileType = sourcecode.c.objc; path = "UIImageView+AFNetworking.m"; sourceTree = "<group>"; };
		642AA4681B4D4A04002D255D /* UIKit+AFNetworking.h */ = {isa = PBXFileReference; fileEncoding = 4; lastKnownFileType = sourcecode.c.h; path = "UIKit+AFNetworking.h"; sourceTree = "<group>"; };
		642AA4691B4D4A04002D255D /* UIProgressView+AFNetworking.h */ = {isa = PBXFileReference; fileEncoding = 4; lastKnownFileType = sourcecode.c.h; path = "UIProgressView+AFNetworking.h"; sourceTree = "<group>"; };
		642AA46A1B4D4A04002D255D /* UIProgressView+AFNetworking.m */ = {isa = PBXFileReference; fileEncoding = 4; lastKnownFileType = sourcecode.c.objc; path = "UIProgressView+AFNetworking.m"; sourceTree = "<group>"; };
		642AA46B1B4D4A04002D255D /* UIRefreshControl+AFNetworking.h */ = {isa = PBXFileReference; fileEncoding = 4; lastKnownFileType = sourcecode.c.h; path = "UIRefreshControl+AFNetworking.h"; sourceTree = "<group>"; };
		642AA46C1B4D4A04002D255D /* UIRefreshControl+AFNetworking.m */ = {isa = PBXFileReference; fileEncoding = 4; lastKnownFileType = sourcecode.c.objc; path = "UIRefreshControl+AFNetworking.m"; sourceTree = "<group>"; };
		642AA46D1B4D4A04002D255D /* UIWebView+AFNetworking.h */ = {isa = PBXFileReference; fileEncoding = 4; lastKnownFileType = sourcecode.c.h; path = "UIWebView+AFNetworking.h"; sourceTree = "<group>"; };
		642AA46E1B4D4A04002D255D /* UIWebView+AFNetworking.m */ = {isa = PBXFileReference; fileEncoding = 4; lastKnownFileType = sourcecode.c.objc; path = "UIWebView+AFNetworking.m"; sourceTree = "<group>"; };
		642AA4801B4D4A0D002D255D /* ShenAFN.h */ = {isa = PBXFileReference; fileEncoding = 4; lastKnownFileType = sourcecode.c.h; path = ShenAFN.h; sourceTree = "<group>"; };
		642AA4811B4D4A0D002D255D /* ShenAFN.m */ = {isa = PBXFileReference; fileEncoding = 4; lastKnownFileType = sourcecode.c.objc; path = ShenAFN.m; sourceTree = "<group>"; };
		642AA4861B4D5EDC002D255D /* RecordViewController.xib */ = {isa = PBXFileReference; fileEncoding = 4; lastKnownFileType = file.xib; path = RecordViewController.xib; sourceTree = "<group>"; };
		642AA48B1B4D631D002D255D /* CBCCylinderBudgetChartView.h */ = {isa = PBXFileReference; fileEncoding = 4; lastKnownFileType = sourcecode.c.h; path = CBCCylinderBudgetChartView.h; sourceTree = "<group>"; };
		642AA48C1B4D631D002D255D /* CBCCylinderBudgetChartView.m */ = {isa = PBXFileReference; fileEncoding = 4; lastKnownFileType = sourcecode.c.objc; path = CBCCylinderBudgetChartView.m; sourceTree = "<group>"; };
		642AA48F1B4E0C4E002D255D /* BikefindViewController.xib */ = {isa = PBXFileReference; fileEncoding = 4; lastKnownFileType = file.xib; path = BikefindViewController.xib; sourceTree = "<group>"; };
		642AA4921B4E0CA7002D255D /* HSDatePickerViewController.h */ = {isa = PBXFileReference; fileEncoding = 4; lastKnownFileType = sourcecode.c.h; path = HSDatePickerViewController.h; sourceTree = "<group>"; };
		642AA4931B4E0CA7002D255D /* HSDatePickerViewController.m */ = {isa = PBXFileReference; fileEncoding = 4; lastKnownFileType = sourcecode.c.objc; path = HSDatePickerViewController.m; sourceTree = "<group>"; };
		642AA4941B4E0CA7002D255D /* HSDatePickerViewController.xib */ = {isa = PBXFileReference; fileEncoding = 4; lastKnownFileType = file.xib; path = HSDatePickerViewController.xib; sourceTree = "<group>"; };
		642AA49A1B4E440C002D255D /* IndexViewController.xib */ = {isa = PBXFileReference; fileEncoding = 4; lastKnownFileType = file.xib; path = IndexViewController.xib; sourceTree = "<group>"; };
		642AA4A01B4E50B6002D255D /* DBTileButton.h */ = {isa = PBXFileReference; fileEncoding = 4; lastKnownFileType = sourcecode.c.h; path = DBTileButton.h; sourceTree = "<group>"; };
		642AA4A11B4E50B6002D255D /* DBTileButton.m */ = {isa = PBXFileReference; fileEncoding = 4; lastKnownFileType = sourcecode.c.objc; path = DBTileButton.m; sourceTree = "<group>"; };
		6452A8591B567EB40029A60E /* anjuke_icon_itis_position.png */ = {isa = PBXFileReference; lastKnownFileType = image.png; path = anjuke_icon_itis_position.png; sourceTree = "<group>"; };
		6452A85A1B567EB40029A60E /* anjuke_icon_itis_position@2x.png */ = {isa = PBXFileReference; lastKnownFileType = image.png; path = "anjuke_icon_itis_position@2x.png"; sourceTree = "<group>"; };
		6452A85B1B567EB40029A60E /* anjuke_icon_to_position.png */ = {isa = PBXFileReference; lastKnownFileType = image.png; path = anjuke_icon_to_position.png; sourceTree = "<group>"; };
		6452A85C1B567EB40029A60E /* anjuke_icon_to_position1.png */ = {isa = PBXFileReference; lastKnownFileType = image.png; path = anjuke_icon_to_position1.png; sourceTree = "<group>"; };
		6452A85D1B567EB40029A60E /* anjuke_icon_to_position1@2x.png */ = {isa = PBXFileReference; lastKnownFileType = image.png; path = "anjuke_icon_to_position1@2x.png"; sourceTree = "<group>"; };
		6452A85E1B567EB40029A60E /* anjuke_icon_to_position@2x.png */ = {isa = PBXFileReference; lastKnownFileType = image.png; path = "anjuke_icon_to_position@2x.png"; sourceTree = "<group>"; };
		6452A85F1B567EB40029A60E /* CheckInstalledMapAPP.h */ = {isa = PBXFileReference; fileEncoding = 4; lastKnownFileType = sourcecode.c.h; path = CheckInstalledMapAPP.h; sourceTree = "<group>"; };
		6452A8601B567EB40029A60E /* CheckInstalledMapAPP.m */ = {isa = PBXFileReference; fileEncoding = 4; lastKnownFileType = sourcecode.c.objc; path = CheckInstalledMapAPP.m; sourceTree = "<group>"; };
		6452A8611B567EB40029A60E /* LocationChange.h */ = {isa = PBXFileReference; fileEncoding = 4; lastKnownFileType = sourcecode.c.h; path = LocationChange.h; sourceTree = "<group>"; };
		6452A8621B567EB40029A60E /* LocationChange.m */ = {isa = PBXFileReference; fileEncoding = 4; lastKnownFileType = sourcecode.c.objc; path = LocationChange.m; sourceTree = "<group>"; };
		6452A8631B567EB40029A60E /* LocIsBaidu.h */ = {isa = PBXFileReference; fileEncoding = 4; lastKnownFileType = sourcecode.c.h; path = LocIsBaidu.h; sourceTree = "<group>"; };
		6452A8641B567EB40029A60E /* LocIsBaidu.m */ = {isa = PBXFileReference; fileEncoding = 4; lastKnownFileType = sourcecode.c.objc; path = LocIsBaidu.m; sourceTree = "<group>"; };
		6452A8691B567EB40029A60E /* RegionAnnotation.h */ = {isa = PBXFileReference; fileEncoding = 4; lastKnownFileType = sourcecode.c.h; path = RegionAnnotation.h; sourceTree = "<group>"; };
		6452A86A1B567EB40029A60E /* RegionAnnotation.m */ = {isa = PBXFileReference; fileEncoding = 4; lastKnownFileType = sourcecode.c.objc; path = RegionAnnotation.m; sourceTree = "<group>"; };
		6452A86B1B567EB40029A60E /* RegionAnnotationView.h */ = {isa = PBXFileReference; fileEncoding = 4; lastKnownFileType = sourcecode.c.h; path = RegionAnnotationView.h; sourceTree = "<group>"; };
		6452A86C1B567EB40029A60E /* RegionAnnotationView.m */ = {isa = PBXFileReference; fileEncoding = 4; lastKnownFileType = sourcecode.c.objc; path = RegionAnnotationView.m; sourceTree = "<group>"; };
		6452A86D1B567EB40029A60E /* wl_map_icon_1.png */ = {isa = PBXFileReference; lastKnownFileType = image.png; path = wl_map_icon_1.png; sourceTree = "<group>"; };
		6452A86E1B567EB40029A60E /* wl_map_icon_1@2x.png */ = {isa = PBXFileReference; lastKnownFileType = image.png; path = "wl_map_icon_1@2x.png"; sourceTree = "<group>"; };
		6452A86F1B567EB40029A60E /* wl_map_icon_1_press.png */ = {isa = PBXFileReference; lastKnownFileType = image.png; path = wl_map_icon_1_press.png; sourceTree = "<group>"; };
		6452A8701B567EB40029A60E /* wl_map_icon_1_press@2x.png */ = {isa = PBXFileReference; lastKnownFileType = image.png; path = "wl_map_icon_1_press@2x.png"; sourceTree = "<group>"; };
		6452A8711B567EB40029A60E /* wl_map_icon_4.png */ = {isa = PBXFileReference; lastKnownFileType = image.png; path = wl_map_icon_4.png; sourceTree = "<group>"; };
		6452A8721B567EB40029A60E /* wl_map_icon_4@2x.png */ = {isa = PBXFileReference; lastKnownFileType = image.png; path = "wl_map_icon_4@2x.png"; sourceTree = "<group>"; };
		6452A8731B567EB40029A60E /* wl_map_icon_5.png */ = {isa = PBXFileReference; lastKnownFileType = image.png; path = wl_map_icon_5.png; sourceTree = "<group>"; };
		6452A8741B567EB40029A60E /* wl_map_icon_5@2x.png */ = {isa = PBXFileReference; lastKnownFileType = image.png; path = "wl_map_icon_5@2x.png"; sourceTree = "<group>"; };
		6452A8751B567EB40029A60E /* wl_map_icon_position.png */ = {isa = PBXFileReference; lastKnownFileType = image.png; path = wl_map_icon_position.png; sourceTree = "<group>"; };
		6452A8761B567EB40029A60E /* wl_map_icon_position@2x.png */ = {isa = PBXFileReference; lastKnownFileType = image.png; path = "wl_map_icon_position@2x.png"; sourceTree = "<group>"; };
		6452A8771B567EB40029A60E /* wl_map_icon_position_press.png */ = {isa = PBXFileReference; lastKnownFileType = image.png; path = wl_map_icon_position_press.png; sourceTree = "<group>"; };
		6452A8781B567EB40029A60E /* wl_map_icon_position_press@2x.png */ = {isa = PBXFileReference; lastKnownFileType = image.png; path = "wl_map_icon_position_press@2x.png"; sourceTree = "<group>"; };
		6452A89B1B567FC30029A60E /* libicucore.dylib */ = {isa = PBXFileReference; lastKnownFileType = "compiled.mach-o.dylib"; name = libicucore.dylib; path = usr/lib/libicucore.dylib; sourceTree = SDKROOT; };
		6452A89D1B567FCB0029A60E /* libz.1.2.5.dylib */ = {isa = PBXFileReference; lastKnownFileType = "compiled.mach-o.dylib"; name = libz.1.2.5.dylib; path = usr/lib/libz.1.2.5.dylib; sourceTree = SDKROOT; };
		6452A89F1B567FF60029A60E /* CoreGraphics.framework */ = {isa = PBXFileReference; lastKnownFileType = wrapper.framework; name = CoreGraphics.framework; path = System/Library/Frameworks/CoreGraphics.framework; sourceTree = SDKROOT; };
		6452A8A11B5680010029A60E /* MapKit.framework */ = {isa = PBXFileReference; lastKnownFileType = wrapper.framework; name = MapKit.framework; path = System/Library/Frameworks/MapKit.framework; sourceTree = SDKROOT; };
		6452A8A31B56801C0029A60E /* CoreLocation.framework */ = {isa = PBXFileReference; lastKnownFileType = wrapper.framework; name = CoreLocation.framework; path = System/Library/Frameworks/CoreLocation.framework; sourceTree = SDKROOT; };
		6452A8A51B5680260029A60E /* Foundation.framework */ = {isa = PBXFileReference; lastKnownFileType = wrapper.framework; name = Foundation.framework; path = System/Library/Frameworks/Foundation.framework; sourceTree = SDKROOT; };
		6452A8A71B5680420029A60E /* UIKit.framework */ = {isa = PBXFileReference; lastKnownFileType = wrapper.framework; name = UIKit.framework; path = System/Library/Frameworks/UIKit.framework; sourceTree = SDKROOT; };
		6465828A1B53937200B61BEA /* QRCodeViewController.h */ = {isa = PBXFileReference; fileEncoding = 4; lastKnownFileType = sourcecode.c.h; name = QRCodeViewController.h; path = ../QRCodeViewController.h; sourceTree = "<group>"; };
		6465828B1B53937200B61BEA /* QRCodeViewController.m */ = {isa = PBXFileReference; fileEncoding = 4; lastKnownFileType = sourcecode.c.objc; name = QRCodeViewController.m; path = ../QRCodeViewController.m; sourceTree = "<group>"; };
		6465828D1B5393CD00B61BEA /* line@2x.png */ = {isa = PBXFileReference; lastKnownFileType = image.png; path = "line@2x.png"; sourceTree = "<group>"; };
		646582971B5396E600B61BEA /* FirstpageViewController.h */ = {isa = PBXFileReference; fileEncoding = 4; lastKnownFileType = sourcecode.c.h; name = FirstpageViewController.h; path = ../FirstpageViewController.h; sourceTree = "<group>"; };
		646582981B5396E600B61BEA /* FirstpageViewController.m */ = {isa = PBXFileReference; fileEncoding = 4; lastKnownFileType = sourcecode.c.objc; name = FirstpageViewController.m; path = ../FirstpageViewController.m; sourceTree = "<group>"; };
		646582991B5396E600B61BEA /* FirstpageViewController.xib */ = {isa = PBXFileReference; fileEncoding = 4; lastKnownFileType = file.xib; name = FirstpageViewController.xib; path = ../FirstpageViewController.xib; sourceTree = "<group>"; };
		6465829D1B5399AB00B61BEA /* EAIntroPage.h */ = {isa = PBXFileReference; fileEncoding = 4; lastKnownFileType = sourcecode.c.h; path = EAIntroPage.h; sourceTree = "<group>"; };
		6465829E1B5399AB00B61BEA /* EAIntroPage.m */ = {isa = PBXFileReference; fileEncoding = 4; lastKnownFileType = sourcecode.c.objc; path = EAIntroPage.m; sourceTree = "<group>"; };
		6465829F1B5399AB00B61BEA /* EAIntroView.h */ = {isa = PBXFileReference; fileEncoding = 4; lastKnownFileType = sourcecode.c.h; path = EAIntroView.h; sourceTree = "<group>"; };
		646582A01B5399AB00B61BEA /* EAIntroView.m */ = {isa = PBXFileReference; fileEncoding = 4; lastKnownFileType = sourcecode.c.objc; path = EAIntroView.m; sourceTree = "<group>"; };
		646582BD1B53A30200B61BEA /* MBProgressHUD.h */ = {isa = PBXFileReference; fileEncoding = 4; lastKnownFileType = sourcecode.c.h; path = MBProgressHUD.h; sourceTree = "<group>"; };
		646582BE1B53A30200B61BEA /* MBProgressHUD.m */ = {isa = PBXFileReference; fileEncoding = 4; lastKnownFileType = sourcecode.c.objc; path = MBProgressHUD.m; sourceTree = "<group>"; };
		646582C01B53A55A00B61BEA /* 37x-Checkmark.png */ = {isa = PBXFileReference; lastKnownFileType = image.png; path = "37x-Checkmark.png"; sourceTree = "<group>"; };
		646582C11B53A55A00B61BEA /* 37x-Checkmark@2x.png */ = {isa = PBXFileReference; lastKnownFileType = image.png; path = "37x-Checkmark@2x.png"; sourceTree = "<group>"; };
		647C24011B5E8E4300040667 /* Routepolyline.h */ = {isa = PBXFileReference; fileEncoding = 4; lastKnownFileType = sourcecode.c.h; path = Routepolyline.h; sourceTree = "<group>"; };
		647C24021B5E8E4300040667 /* Routepolyline.m */ = {isa = PBXFileReference; fileEncoding = 4; lastKnownFileType = sourcecode.c.objc; path = Routepolyline.m; sourceTree = "<group>"; };
		647C24061B5E8E4300040667 /* QSearchViewController.h */ = {isa = PBXFileReference; fileEncoding = 4; lastKnownFileType = sourcecode.c.h; path = QSearchViewController.h; sourceTree = "<group>"; };
		647C24071B5E8E4300040667 /* QSearchViewController.m */ = {isa = PBXFileReference; fileEncoding = 4; lastKnownFileType = sourcecode.c.objc; path = QSearchViewController.m; sourceTree = "<group>"; };
		6491765A1B63AEC60051649C /* MapViewController.m */ = {isa = PBXFileReference; fileEncoding = 4; lastKnownFileType = sourcecode.c.objc; path = MapViewController.m; sourceTree = "<group>"; };
		6491765B1B63AEC60051649C /* MapViewController.xib */ = {isa = PBXFileReference; fileEncoding = 4; lastKnownFileType = file.xib; path = MapViewController.xib; sourceTree = "<group>"; };
		6491765C1B63AEC60051649C /* MapViewController.h */ = {isa = PBXFileReference; fileEncoding = 4; lastKnownFileType = sourcecode.c.h; path = MapViewController.h; sourceTree = "<group>"; };
		6491765F1B63AF1C0051649C /* BikerouteViewController.h */ = {isa = PBXFileReference; fileEncoding = 4; lastKnownFileType = sourcecode.c.h; path = BikerouteViewController.h; sourceTree = "<group>"; };
		649176601B63AF1C0051649C /* BikerouteViewController.m */ = {isa = PBXFileReference; fileEncoding = 4; lastKnownFileType = sourcecode.c.objc; path = BikerouteViewController.m; sourceTree = "<group>"; };
		649176611B63AF1C0051649C /* BikerouteViewController.xib */ = {isa = PBXFileReference; fileEncoding = 4; lastKnownFileType = file.xib; path = BikerouteViewController.xib; sourceTree = "<group>"; };
/* End PBXFileReference section */

/* Begin PBXFrameworksBuildPhase section */
		642AA3EA1B4D331C002D255D /* Frameworks */ = {
			isa = PBXFrameworksBuildPhase;
			buildActionMask = 2147483647;
			files = (
				6406CF171B68DA33007C79C5 /* ImageIO.framework in Frameworks */,
				6406CF151B68DA24007C79C5 /* libstdc++.dylib in Frameworks */,
				6406CF131B68D9F0007C79C5 /* JavaScriptCore.framework in Frameworks */,
				6406CF0B1B68D9CC007C79C5 /* MOBFoundation.framework in Frameworks */,
				6405A5541B5F5D9E00BF84D1 /* Security.framework in Frameworks */,
				6406CF0F1B68D9CC007C79C5 /* ShareSDKExtension.framework in Frameworks */,
				6406CF111B68D9CC007C79C5 /* ShareSDKUI.framework in Frameworks */,
				6406CF061B68D9CC007C79C5 /* TencentOpenAPI.framework in Frameworks */,
				6406CF0E1B68D9CC007C79C5 /* ShareSDKConnector.framework in Frameworks */,
				6452A8A81B5680420029A60E /* UIKit.framework in Frameworks */,
				6452A8A61B5680260029A60E /* Foundation.framework in Frameworks */,
				6452A8A41B56801C0029A60E /* CoreLocation.framework in Frameworks */,
				6406CF0D1B68D9CC007C79C5 /* ShareSDK.framework in Frameworks */,
				6406CF0A1B68D9CC007C79C5 /* libWeChatSDK.a in Frameworks */,
				6406CF081B68D9CC007C79C5 /* libWeiboSDK.a in Frameworks */,
				6452A8A21B5680010029A60E /* MapKit.framework in Frameworks */,
				6452A8A01B567FF60029A60E /* CoreGraphics.framework in Frameworks */,
				6452A89E1B567FCB0029A60E /* libz.1.2.5.dylib in Frameworks */,
				6452A89C1B567FC30029A60E /* libicucore.dylib in Frameworks */,
			);
			runOnlyForDeploymentPostprocessing = 0;
		};
/* End PBXFrameworksBuildPhase section */

/* Begin PBXGroup section */
		6404A0B71B52110200077E0E /* BLEConnection */ = {
			isa = PBXGroup;
			children = (
				6404A0B81B52111E00077E0E /* BLEInfo.h */,
				6404A0B91B52111E00077E0E /* BLEInfo.m */,
			);
			name = BLEConnection;
			sourceTree = "<group>";
		};
		6406CEEA1B68D9CC007C79C5 /* ShareSDK */ = {
			isa = PBXGroup;
			children = (
				6406CEEB1B68D9CC007C79C5 /* extends */,
				6406CEFF1B68D9CC007C79C5 /* MOBFoundation.framework */,
				6406CF001B68D9CC007C79C5 /* ShareSDK.bundle */,
				6406CF011B68D9CC007C79C5 /* ShareSDK.framework */,
				6406CF021B68D9CC007C79C5 /* ShareSDKConnector.framework */,
				6406CF031B68D9CC007C79C5 /* ShareSDKExtension.framework */,
				6406CF041B68D9CC007C79C5 /* ShareSDKUI.bundle */,
				6406CF051B68D9CC007C79C5 /* ShareSDKUI.framework */,
			);
			name = ShareSDK;
			path = ../libraries;
			sourceTree = "<group>";
		};
		6406CEEB1B68D9CC007C79C5 /* extends */ = {
			isa = PBXGroup;
			children = (
				6406CEEC1B68D9CC007C79C5 /* QQSDK */,
				6406CEEF1B68D9CC007C79C5 /* SinaWeiboSDK */,
				6406CEFB1B68D9CC007C79C5 /* WeChatSDK */,
			);
			path = extends;
			sourceTree = "<group>";
		};
		6406CEEC1B68D9CC007C79C5 /* QQSDK */ = {
			isa = PBXGroup;
			children = (
				6406CEED1B68D9CC007C79C5 /* TencentOpenAPI.framework */,
				6406CEEE1B68D9CC007C79C5 /* TencentOpenApi_IOS_Bundle.bundle */,
			);
			path = QQSDK;
			sourceTree = "<group>";
		};
		6406CEEF1B68D9CC007C79C5 /* SinaWeiboSDK */ = {
			isa = PBXGroup;
			children = (
				6406CEF01B68D9CC007C79C5 /* libWeiboSDK.a */,
				6406CEF11B68D9CC007C79C5 /* WBHttpRequest+WeiboShare.h */,
				6406CEF21B68D9CC007C79C5 /* WBHttpRequest+WeiboToken.h */,
				6406CEF31B68D9CC007C79C5 /* WBHttpRequest+WeiboUser.h */,
				6406CEF41B68D9CC007C79C5 /* WBHttpRequest.h */,
				6406CEF51B68D9CC007C79C5 /* WBSDKBasicButton.h */,
				6406CEF61B68D9CC007C79C5 /* WBSDKCommentButton.h */,
				6406CEF71B68D9CC007C79C5 /* WBSDKRelationshipButton.h */,
				6406CEF81B68D9CC007C79C5 /* WeiboSDK.bundle */,
				6406CEF91B68D9CC007C79C5 /* WeiboSDK.h */,
				6406CEFA1B68D9CC007C79C5 /* WeiboUser.h */,
			);
			path = SinaWeiboSDK;
			sourceTree = "<group>";
		};
		6406CEFB1B68D9CC007C79C5 /* WeChatSDK */ = {
			isa = PBXGroup;
			children = (
				6406CEFC1B68D9CC007C79C5 /* libWeChatSDK.a */,
				6406CEFD1B68D9CC007C79C5 /* WXApi.h */,
				6406CEFE1B68D9CC007C79C5 /* WXApiObject.h */,
			);
			path = WeChatSDK;
			sourceTree = "<group>";
		};
		642AA3E41B4D331C002D255D = {
			isa = PBXGroup;
			children = (
				642AA3EF1B4D331C002D255D /* Lock2015 */,
				642AA4091B4D331C002D255D /* Lock2015Tests */,
				642AA3EE1B4D331C002D255D /* Products */,
			);
			sourceTree = "<group>";
		};
		642AA3EE1B4D331C002D255D /* Products */ = {
			isa = PBXGroup;
			children = (
				642AA3ED1B4D331C002D255D /* Lock2015.app */,
			);
			name = Products;
			sourceTree = "<group>";
		};
		642AA3EF1B4D331C002D255D /* Lock2015 */ = {
			isa = PBXGroup;
			children = (
				642AA3FF1B4D331C002D255D /* LaunchScreen.xib */,
				642AA3FA1B4D331C002D255D /* Main.storyboard */,
				642AA3FD1B4D331C002D255D /* Images.xcassets */,
				642AA3F41B4D331C002D255D /* AppDelegate.h */,
				642AA3F51B4D331C002D255D /* AppDelegate.m */,
				64D87EF51B6A4D0E00FF176F /* Frameworks */,
				6404A0B71B52110200077E0E /* BLEConnection */,
				642AA4481B4D4A04002D255D /* NetworkConnnection */,
				642AA4201B4D3349002D255D /* Controllers */,
				642AA3F01B4D331C002D255D /* Supporting Files */,
			);
			path = Lock2015;
			sourceTree = "<group>";
		};
		642AA3F01B4D331C002D255D /* Supporting Files */ = {
			isa = PBXGroup;
			children = (
				642AA3F11B4D331C002D255D /* Info.plist */,
				642AA3F21B4D331C002D255D /* main.m */,
				6405A5641B5FAB9F00BF84D1 /* KeychainAccessGroups.plist */,
			);
			name = "Supporting Files";
			sourceTree = "<group>";
		};
		642AA4091B4D331C002D255D /* Lock2015Tests */ = {
			isa = PBXGroup;
			children = (
				642AA40C1B4D331C002D255D /* Lock2015Tests.m */,
				642AA40A1B4D331C002D255D /* Supporting Files */,
			);
			path = Lock2015Tests;
			sourceTree = "<group>";
		};
		642AA40A1B4D331C002D255D /* Supporting Files */ = {
			isa = PBXGroup;
			children = (
				642AA40B1B4D331C002D255D /* Info.plist */,
			);
			name = "Supporting Files";
			sourceTree = "<group>";
		};
		642AA4161B4D3330002D255D /* RESideMenuFunction */ = {
			isa = PBXGroup;
			children = (
				642AA4171B4D3330002D255D /* RECommonFunctions.h */,
				642AA4181B4D3330002D255D /* RECommonFunctions.m */,
				642AA41B1B4D3330002D255D /* UIViewController+RESideMenu.h */,
				642AA41C1B4D3330002D255D /* UIViewController+RESideMenu.m */,
				642AA4191B4D3330002D255D /* RESideMenu.h */,
				642AA41A1B4D3330002D255D /* RESideMenu.m */,
			);
			name = RESideMenuFunction;
			path = RESideMenu;
			sourceTree = "<group>";
		};
		642AA4201B4D3349002D255D /* Controllers */ = {
			isa = PBXGroup;
			children = (
				646582971B5396E600B61BEA /* FirstpageViewController.h */,
				646582981B5396E600B61BEA /* FirstpageViewController.m */,
				646582991B5396E600B61BEA /* FirstpageViewController.xib */,
				642AA4251B4D3349002D255D /* DEMOLeftMenuViewController.h */,
				642AA4261B4D3349002D255D /* DEMOLeftMenuViewController.m */,
				642AA4271B4D3349002D255D /* DEMORightMenuViewController.h */,
				642AA4281B4D3349002D255D /* DEMORightMenuViewController.m */,
				6465828A1B53937200B61BEA /* QRCodeViewController.h */,
				6465828B1B53937200B61BEA /* QRCodeViewController.m */,
				642AA4231B4D3349002D255D /* IndexViewController.h */,
				642AA4241B4D3349002D255D /* IndexViewController.m */,
				642AA49A1B4E440C002D255D /* IndexViewController.xib */,
				642AA4291B4D3349002D255D /* RecordViewController.h */,
				642AA42A1B4D3349002D255D /* RecordViewController.m */,
				642AA4861B4D5EDC002D255D /* RecordViewController.xib */,
				647C24011B5E8E4300040667 /* Routepolyline.h */,
				647C24021B5E8E4300040667 /* Routepolyline.m */,
				6491765C1B63AEC60051649C /* MapViewController.h */,
				6491765A1B63AEC60051649C /* MapViewController.m */,
				6491765B1B63AEC60051649C /* MapViewController.xib */,
				647C24061B5E8E4300040667 /* QSearchViewController.h */,
				647C24071B5E8E4300040667 /* QSearchViewController.m */,
				642AA43D1B4D3BE6002D255D /* BikefindViewController.h */,
				642AA43E1B4D3BE6002D255D /* BikefindViewController.m */,
				642AA48F1B4E0C4E002D255D /* BikefindViewController.xib */,
				6491765F1B63AF1C0051649C /* BikerouteViewController.h */,
				649176601B63AF1C0051649C /* BikerouteViewController.m */,
				649176611B63AF1C0051649C /* BikerouteViewController.xib */,
				642AA4401B4D3C29002D255D /* SettingViewController.h */,
				642AA4411B4D3C29002D255D /* SettingViewController.m */,
			);
			name = Controllers;
			path = RESideMenuExample;
			sourceTree = "<group>";
		};
		642AA4481B4D4A04002D255D /* NetworkConnnection */ = {
			isa = PBXGroup;
			children = (
				642AA4801B4D4A0D002D255D /* ShenAFN.h */,
				642AA4811B4D4A0D002D255D /* ShenAFN.m */,
				6452A89A1B567F880029A60E /* Frameworks */,
			);
			name = NetworkConnnection;
			path = RESideMenuExample/lib;
			sourceTree = "<group>";
		};
		642AA4491B4D4A04002D255D /* AFNetworking */ = {
			isa = PBXGroup;
			children = (
				642AA44A1B4D4A04002D255D /* AFHTTPRequestOperation.h */,
				642AA44B1B4D4A04002D255D /* AFHTTPRequestOperation.m */,
				642AA44C1B4D4A04002D255D /* AFHTTPRequestOperationManager.h */,
				642AA44D1B4D4A04002D255D /* AFHTTPRequestOperationManager.m */,
				642AA44E1B4D4A04002D255D /* AFHTTPSessionManager.h */,
				642AA44F1B4D4A04002D255D /* AFHTTPSessionManager.m */,
				642AA4501B4D4A04002D255D /* AFNetworking.h */,
				642AA4511B4D4A04002D255D /* AFNetworkReachabilityManager.h */,
				642AA4521B4D4A04002D255D /* AFNetworkReachabilityManager.m */,
				642AA4531B4D4A04002D255D /* AFSecurityPolicy.h */,
				642AA4541B4D4A04002D255D /* AFSecurityPolicy.m */,
				642AA4551B4D4A04002D255D /* AFURLConnectionOperation.h */,
				642AA4561B4D4A04002D255D /* AFURLConnectionOperation.m */,
				642AA4571B4D4A04002D255D /* AFURLRequestSerialization.h */,
				642AA4581B4D4A04002D255D /* AFURLRequestSerialization.m */,
				642AA4591B4D4A04002D255D /* AFURLResponseSerialization.h */,
				642AA45A1B4D4A04002D255D /* AFURLResponseSerialization.m */,
				642AA45B1B4D4A04002D255D /* AFURLSessionManager.h */,
				642AA45C1B4D4A04002D255D /* AFURLSessionManager.m */,
			);
			name = AFNetworking;
			path = ../AFNetworking;
			sourceTree = "<group>";
		};
		642AA45D1B4D4A04002D255D /* UIKit+AFNetworking */ = {
			isa = PBXGroup;
			children = (
				642AA45E1B4D4A04002D255D /* AFNetworkActivityIndicatorManager.h */,
				642AA45F1B4D4A04002D255D /* AFNetworkActivityIndicatorManager.m */,
				642AA4601B4D4A04002D255D /* UIActivityIndicatorView+AFNetworking.h */,
				642AA4611B4D4A04002D255D /* UIActivityIndicatorView+AFNetworking.m */,
				642AA4621B4D4A04002D255D /* UIAlertView+AFNetworking.h */,
				642AA4631B4D4A04002D255D /* UIAlertView+AFNetworking.m */,
				642AA4641B4D4A04002D255D /* UIButton+AFNetworking.h */,
				642AA4651B4D4A04002D255D /* UIButton+AFNetworking.m */,
				642AA4661B4D4A04002D255D /* UIImageView+AFNetworking.h */,
				642AA4671B4D4A04002D255D /* UIImageView+AFNetworking.m */,
				642AA4681B4D4A04002D255D /* UIKit+AFNetworking.h */,
				642AA4691B4D4A04002D255D /* UIProgressView+AFNetworking.h */,
				642AA46A1B4D4A04002D255D /* UIProgressView+AFNetworking.m */,
				642AA46B1B4D4A04002D255D /* UIRefreshControl+AFNetworking.h */,
				642AA46C1B4D4A04002D255D /* UIRefreshControl+AFNetworking.m */,
				642AA46D1B4D4A04002D255D /* UIWebView+AFNetworking.h */,
				642AA46E1B4D4A04002D255D /* UIWebView+AFNetworking.m */,
			);
			name = "UIKit+AFNetworking";
			sourceTree = "<group>";
		};
		642AA48E1B4D635B002D255D /* CylinderBudgetChart */ = {
			isa = PBXGroup;
			children = (
				642AA48B1B4D631D002D255D /* CBCCylinderBudgetChartView.h */,
				642AA48C1B4D631D002D255D /* CBCCylinderBudgetChartView.m */,
			);
			name = CylinderBudgetChart;
			path = Lock2015/RESideMenuExample;
			sourceTree = SOURCE_ROOT;
		};
		642AA4911B4E0CA7002D255D /* HSDatePickerViewController */ = {
			isa = PBXGroup;
			children = (
				642AA4921B4E0CA7002D255D /* HSDatePickerViewController.h */,
				642AA4931B4E0CA7002D255D /* HSDatePickerViewController.m */,
				642AA4941B4E0CA7002D255D /* HSDatePickerViewController.xib */,
			);
			name = HSDatePickerViewController;
			path = RESideMenuExample/HSDatePickerViewController;
			sourceTree = "<group>";
		};
		642AA49F1B4E5099002D255D /* DBTileButton */ = {
			isa = PBXGroup;
			children = (
				642AA4A01B4E50B6002D255D /* DBTileButton.h */,
				642AA4A11B4E50B6002D255D /* DBTileButton.m */,
			);
			name = DBTileButton;
			path = RESideMenuExample;
			sourceTree = "<group>";
		};
		6452A8581B567EB40029A60E /* mapView */ = {
			isa = PBXGroup;
			children = (
				6452A8591B567EB40029A60E /* anjuke_icon_itis_position.png */,
				6452A85A1B567EB40029A60E /* anjuke_icon_itis_position@2x.png */,
				6452A85B1B567EB40029A60E /* anjuke_icon_to_position.png */,
				6452A85C1B567EB40029A60E /* anjuke_icon_to_position1.png */,
				6452A85D1B567EB40029A60E /* anjuke_icon_to_position1@2x.png */,
				6452A85E1B567EB40029A60E /* anjuke_icon_to_position@2x.png */,
				6452A85F1B567EB40029A60E /* CheckInstalledMapAPP.h */,
				6452A8601B567EB40029A60E /* CheckInstalledMapAPP.m */,
				6452A8611B567EB40029A60E /* LocationChange.h */,
				6452A8621B567EB40029A60E /* LocationChange.m */,
				6452A8631B567EB40029A60E /* LocIsBaidu.h */,
				6452A8641B567EB40029A60E /* LocIsBaidu.m */,
				6452A8691B567EB40029A60E /* RegionAnnotation.h */,
				6452A86A1B567EB40029A60E /* RegionAnnotation.m */,
				6452A86B1B567EB40029A60E /* RegionAnnotationView.h */,
				6452A86C1B567EB40029A60E /* RegionAnnotationView.m */,
				6452A86D1B567EB40029A60E /* wl_map_icon_1.png */,
				6452A86E1B567EB40029A60E /* wl_map_icon_1@2x.png */,
				6452A86F1B567EB40029A60E /* wl_map_icon_1_press.png */,
				6452A8701B567EB40029A60E /* wl_map_icon_1_press@2x.png */,
				6452A8711B567EB40029A60E /* wl_map_icon_4.png */,
				6452A8721B567EB40029A60E /* wl_map_icon_4@2x.png */,
				6452A8731B567EB40029A60E /* wl_map_icon_5.png */,
				6452A8741B567EB40029A60E /* wl_map_icon_5@2x.png */,
				6452A8751B567EB40029A60E /* wl_map_icon_position.png */,
				6452A8761B567EB40029A60E /* wl_map_icon_position@2x.png */,
				6452A8771B567EB40029A60E /* wl_map_icon_position_press.png */,
				6452A8781B567EB40029A60E /* wl_map_icon_position_press@2x.png */,
			);
			name = mapView;
			path = RESideMenuExample/mapView;
			sourceTree = "<group>";
		};
		6452A89A1B567F880029A60E /* Frameworks */ = {
			isa = PBXGroup;
			children = (
				642AA4491B4D4A04002D255D /* AFNetworking */,
				642AA45D1B4D4A04002D255D /* UIKit+AFNetworking */,
			);
			name = Frameworks;
			path = "UIKit+AFNetworking";
			sourceTree = "<group>";
		};
		6465829C1B5399AB00B61BEA /* EAIntroView */ = {
			isa = PBXGroup;
			children = (
				6465829D1B5399AB00B61BEA /* EAIntroPage.h */,
				6465829E1B5399AB00B61BEA /* EAIntroPage.m */,
				6465829F1B5399AB00B61BEA /* EAIntroView.h */,
				646582A01B5399AB00B61BEA /* EAIntroView.m */,
			);
			path = EAIntroView;
			sourceTree = "<group>";
		};
		646582C41B53AA2300B61BEA /* MBProgressHUD */ = {
			isa = PBXGroup;
			children = (
				6465828D1B5393CD00B61BEA /* line@2x.png */,
				646582BD1B53A30200B61BEA /* MBProgressHUD.h */,
				646582BE1B53A30200B61BEA /* MBProgressHUD.m */,
				646582C01B53A55A00B61BEA /* 37x-Checkmark.png */,
				646582C11B53A55A00B61BEA /* 37x-Checkmark@2x.png */,
			);
			name = MBProgressHUD;
			sourceTree = "<group>";
		};
		64D87EF51B6A4D0E00FF176F /* Frameworks */ = {
			isa = PBXGroup;
			children = (
				64D87EF71B6A4D8000FF176F /* System */,
				6406CEEA1B68D9CC007C79C5 /* ShareSDK */,
				64D87EF61B6A4D5900FF176F /* CHKeychain */,
				642AA4911B4E0CA7002D255D /* HSDatePickerViewController */,
				6452A8581B567EB40029A60E /* mapView */,
				642AA49F1B4E5099002D255D /* DBTileButton */,
				642AA4161B4D3330002D255D /* RESideMenuFunction */,
				642AA48E1B4D635B002D255D /* CylinderBudgetChart */,
				646582C41B53AA2300B61BEA /* MBProgressHUD */,
				6465829C1B5399AB00B61BEA /* EAIntroView */,
			);
			name = Frameworks;
			sourceTree = "<group>";
		};
		64D87EF61B6A4D5900FF176F /* CHKeychain */ = {
			isa = PBXGroup;
			children = (
				6405A5611B5FA80500BF84D1 /* CHKeychain.h */,
				6405A5621B5FA80500BF84D1 /* CHKeychain.m */,
			);
			name = CHKeychain;
			sourceTree = "<group>";
		};
		64D87EF71B6A4D8000FF176F /* System */ = {
			isa = PBXGroup;
			children = (
				6406CF161B68DA33007C79C5 /* ImageIO.framework */,
				6406CF121B68D9F0007C79C5 /* JavaScriptCore.framework */,
				6405A5531B5F5D9E00BF84D1 /* Security.framework */,
				6452A8A71B5680420029A60E /* UIKit.framework */,
				6452A8A51B5680260029A60E /* Foundation.framework */,
				6452A8A31B56801C0029A60E /* CoreLocation.framework */,
				6452A8A11B5680010029A60E /* MapKit.framework */,
				6452A89F1B567FF60029A60E /* CoreGraphics.framework */,
				6452A89D1B567FCB0029A60E /* libz.1.2.5.dylib */,
				6406CF141B68DA24007C79C5 /* libstdc++.dylib */,
				6452A89B1B567FC30029A60E /* libicucore.dylib */,
			);
			name = System;
			sourceTree = "<group>";
		};
/* End PBXGroup section */

/* Begin PBXNativeTarget section */
		642AA3EC1B4D331C002D255D /* Lock2015 */ = {
			isa = PBXNativeTarget;
			buildConfigurationList = 642AA4101B4D331C002D255D /* Build configuration list for PBXNativeTarget "Lock2015" */;
			buildPhases = (
				642AA3E91B4D331C002D255D /* Sources */,
				642AA3EA1B4D331C002D255D /* Frameworks */,
				642AA3EB1B4D331C002D255D /* Resources */,
			);
			buildRules = (
			);
			dependencies = (
			);
			name = Lock2015;
			productName = Lock2015;
			productReference = 642AA3ED1B4D331C002D255D /* Lock2015.app */;
			productType = "com.apple.product-type.application";
		};
/* End PBXNativeTarget section */

/* Begin PBXProject section */
		642AA3E51B4D331C002D255D /* Project object */ = {
			isa = PBXProject;
			attributes = {
				LastUpgradeCheck = 0640;
				ORGANIZATIONNAME = shen;
				TargetAttributes = {
					642AA3EC1B4D331C002D255D = {
						CreatedOnToolsVersion = 6.4;
					};
				};
			};
			buildConfigurationList = 642AA3E81B4D331C002D255D /* Build configuration list for PBXProject "Lock2015" */;
			compatibilityVersion = "Xcode 3.2";
			developmentRegion = English;
			hasScannedForEncodings = 0;
			knownRegions = (
				en,
				Base,
			);
			mainGroup = 642AA3E41B4D331C002D255D;
			productRefGroup = 642AA3EE1B4D331C002D255D /* Products */;
			projectDirPath = "";
			projectRoot = "";
			targets = (
				642AA3EC1B4D331C002D255D /* Lock2015 */,
			);
		};
/* End PBXProject section */

/* Begin PBXResourcesBuildPhase section */
		642AA3EB1B4D331C002D255D /* Resources */ = {
			isa = PBXResourcesBuildPhase;
			buildActionMask = 2147483647;
			files = (
				642AA3FC1B4D331C002D255D /* Main.storyboard in Resources */,
				6452A87C1B567EB40029A60E /* anjuke_icon_to_position1.png in Resources */,
				6405A5651B5FAB9F00BF84D1 /* KeychainAccessGroups.plist in Resources */,
				6452A87D1B567EB40029A60E /* anjuke_icon_to_position1@2x.png in Resources */,
				6452A87B1B567EB40029A60E /* anjuke_icon_to_position.png in Resources */,
				6452A8871B567EB40029A60E /* wl_map_icon_1@2x.png in Resources */,
				649176631B63AF1C0051649C /* BikerouteViewController.xib in Resources */,
				642AA4901B4E0C4E002D255D /* BikefindViewController.xib in Resources */,
				6452A87A1B567EB40029A60E /* anjuke_icon_itis_position@2x.png in Resources */,
				6452A88D1B567EB40029A60E /* wl_map_icon_5@2x.png in Resources */,
				6406CF071B68D9CC007C79C5 /* TencentOpenApi_IOS_Bundle.bundle in Resources */,
				6452A88C1B567EB40029A60E /* wl_map_icon_5.png in Resources */,
				642AA4011B4D331C002D255D /* LaunchScreen.xib in Resources */,
				6452A8881B567EB40029A60E /* wl_map_icon_1_press.png in Resources */,
				6406CF0C1B68D9CC007C79C5 /* ShareSDK.bundle in Resources */,
				6406CF091B68D9CC007C79C5 /* WeiboSDK.bundle in Resources */,
				6452A88F1B567EB40029A60E /* wl_map_icon_position@2x.png in Resources */,
				642AA4961B4E0CA7002D255D /* HSDatePickerViewController.xib in Resources */,
				6452A8901B567EB40029A60E /* wl_map_icon_position_press.png in Resources */,
				646582C21B53A55A00B61BEA /* 37x-Checkmark.png in Resources */,
				6406CF101B68D9CC007C79C5 /* ShareSDKUI.bundle in Resources */,
				6452A88E1B567EB40029A60E /* wl_map_icon_position.png in Resources */,
				6452A8891B567EB40029A60E /* wl_map_icon_1_press@2x.png in Resources */,
				6452A87E1B567EB40029A60E /* anjuke_icon_to_position@2x.png in Resources */,
				642AA49B1B4E440C002D255D /* IndexViewController.xib in Resources */,
				646582C31B53A55A00B61BEA /* 37x-Checkmark@2x.png in Resources */,
				642AA3FE1B4D331C002D255D /* Images.xcassets in Resources */,
				6465829B1B5396E600B61BEA /* FirstpageViewController.xib in Resources */,
				6491765E1B63AEC60051649C /* MapViewController.xib in Resources */,
				6465828F1B5393CD00B61BEA /* line@2x.png in Resources */,
				6452A8861B567EB40029A60E /* wl_map_icon_1.png in Resources */,
				642AA4871B4D5EDC002D255D /* RecordViewController.xib in Resources */,
				6452A8791B567EB40029A60E /* anjuke_icon_itis_position.png in Resources */,
				6452A88B1B567EB40029A60E /* wl_map_icon_4@2x.png in Resources */,
				6452A8911B567EB40029A60E /* wl_map_icon_position_press@2x.png in Resources */,
				6452A88A1B567EB40029A60E /* wl_map_icon_4.png in Resources */,
			);
			runOnlyForDeploymentPostprocessing = 0;
		};
/* End PBXResourcesBuildPhase section */

/* Begin PBXSourcesBuildPhase section */
		642AA3E91B4D331C002D255D /* Sources */ = {
			isa = PBXSourcesBuildPhase;
			buildActionMask = 2147483647;
			files = (
				642AA47A1B4D4A04002D255D /* UIAlertView+AFNetworking.m in Sources */,
				642AA48D1B4D631D002D255D /* CBCCylinderBudgetChartView.m in Sources */,
				647C240B1B5E8E4300040667 /* QSearchViewController.m in Sources */,
				642AA47C1B4D4A04002D255D /* UIImageView+AFNetworking.m in Sources */,
				642AA47B1B4D4A04002D255D /* UIButton+AFNetworking.m in Sources */,
				642AA46F1B4D4A04002D255D /* AFHTTPRequestOperation.m in Sources */,
				647C24081B5E8E4300040667 /* Routepolyline.m in Sources */,
				646582A11B5399AB00B61BEA /* EAIntroPage.m in Sources */,
				642AA4331B4D3349002D255D /* DEMOLeftMenuViewController.m in Sources */,
				642AA4321B4D3349002D255D /* IndexViewController.m in Sources */,
				642AA4771B4D4A04002D255D /* AFURLSessionManager.m in Sources */,
				642AA4781B4D4A04002D255D /* AFNetworkActivityIndicatorManager.m in Sources */,
				642AA4741B4D4A04002D255D /* AFURLConnectionOperation.m in Sources */,
				6452A8841B567EB40029A60E /* RegionAnnotation.m in Sources */,
				642AA4701B4D4A04002D255D /* AFHTTPRequestOperationManager.m in Sources */,
				642AA3F61B4D331C002D255D /* AppDelegate.m in Sources */,
				642AA4721B4D4A04002D255D /* AFNetworkReachabilityManager.m in Sources */,
				642AA4951B4E0CA7002D255D /* HSDatePickerViewController.m in Sources */,
				6452A87F1B567EB40029A60E /* CheckInstalledMapAPP.m in Sources */,
				642AA3F31B4D331C002D255D /* main.m in Sources */,
				642AA4341B4D3349002D255D /* DEMORightMenuViewController.m in Sources */,
				642AA4731B4D4A04002D255D /* AFSecurityPolicy.m in Sources */,
				6404A0BA1B52111E00077E0E /* BLEInfo.m in Sources */,
				642AA4351B4D3349002D255D /* RecordViewController.m in Sources */,
				642AA4751B4D4A04002D255D /* AFURLRequestSerialization.m in Sources */,
				6465828C1B53937200B61BEA /* QRCodeViewController.m in Sources */,
				6465829A1B5396E600B61BEA /* FirstpageViewController.m in Sources */,
				6491765D1B63AEC60051649C /* MapViewController.m in Sources */,
				642AA41E1B4D3330002D255D /* RESideMenu.m in Sources */,
				642AA4761B4D4A04002D255D /* AFURLResponseSerialization.m in Sources */,
				642AA4A21B4E50B6002D255D /* DBTileButton.m in Sources */,
				642AA43F1B4D3BE6002D255D /* BikefindViewController.m in Sources */,
				6452A8811B567EB40029A60E /* LocIsBaidu.m in Sources */,
				6452A8851B567EB40029A60E /* RegionAnnotationView.m in Sources */,
				646582BF1B53A30200B61BEA /* MBProgressHUD.m in Sources */,
				642AA4791B4D4A04002D255D /* UIActivityIndicatorView+AFNetworking.m in Sources */,
				642AA47E1B4D4A04002D255D /* UIRefreshControl+AFNetworking.m in Sources */,
				6452A8801B567EB40029A60E /* LocationChange.m in Sources */,
				642AA4821B4D4A0D002D255D /* ShenAFN.m in Sources */,
				642AA47D1B4D4A04002D255D /* UIProgressView+AFNetworking.m in Sources */,
				642AA41D1B4D3330002D255D /* RECommonFunctions.m in Sources */,
				642AA47F1B4D4A04002D255D /* UIWebView+AFNetworking.m in Sources */,
				642AA4711B4D4A04002D255D /* AFHTTPSessionManager.m in Sources */,
				642AA4421B4D3C29002D255D /* SettingViewController.m in Sources */,
				6405A5631B5FA80500BF84D1 /* CHKeychain.m in Sources */,
				649176621B63AF1C0051649C /* BikerouteViewController.m in Sources */,
				642AA41F1B4D3330002D255D /* UIViewController+RESideMenu.m in Sources */,
				646582A21B5399AB00B61BEA /* EAIntroView.m in Sources */,
			);
			runOnlyForDeploymentPostprocessing = 0;
		};
/* End PBXSourcesBuildPhase section */

/* Begin PBXVariantGroup section */
		642AA3FA1B4D331C002D255D /* Main.storyboard */ = {
			isa = PBXVariantGroup;
			children = (
				642AA3FB1B4D331C002D255D /* Base */,
			);
			name = Main.storyboard;
			sourceTree = "<group>";
		};
		642AA3FF1B4D331C002D255D /* LaunchScreen.xib */ = {
			isa = PBXVariantGroup;
			children = (
				642AA4001B4D331C002D255D /* Base */,
			);
			name = LaunchScreen.xib;
			sourceTree = "<group>";
		};
/* End PBXVariantGroup section */

/* Begin XCBuildConfiguration section */
		642AA40E1B4D331C002D255D /* Debug */ = {
			isa = XCBuildConfiguration;
			buildSettings = {
				ALWAYS_SEARCH_USER_PATHS = NO;
				CLANG_CXX_LANGUAGE_STANDARD = "gnu++0x";
				CLANG_CXX_LIBRARY = "libc++";
				CLANG_ENABLE_MODULES = YES;
				CLANG_ENABLE_OBJC_ARC = YES;
				CLANG_WARN_BOOL_CONVERSION = YES;
				CLANG_WARN_CONSTANT_CONVERSION = YES;
				CLANG_WARN_DIRECT_OBJC_ISA_USAGE = YES_ERROR;
				CLANG_WARN_EMPTY_BODY = YES;
				CLANG_WARN_ENUM_CONVERSION = YES;
				CLANG_WARN_INT_CONVERSION = YES;
				CLANG_WARN_OBJC_ROOT_CLASS = YES_ERROR;
				CLANG_WARN_UNREACHABLE_CODE = YES;
				CLANG_WARN__DUPLICATE_METHOD_MATCH = YES;
				"CODE_SIGN_IDENTITY[sdk=iphoneos*]" = "iPhone Developer";
				COPY_PHASE_STRIP = NO;
				DEBUG_INFORMATION_FORMAT = "dwarf-with-dsym";
				ENABLE_STRICT_OBJC_MSGSEND = YES;
				GCC_C_LANGUAGE_STANDARD = gnu99;
				GCC_DYNAMIC_NO_PIC = NO;
				GCC_NO_COMMON_BLOCKS = YES;
				GCC_OPTIMIZATION_LEVEL = 0;
				GCC_PREPROCESSOR_DEFINITIONS = (
					"DEBUG=1",
					"$(inherited)",
				);
				GCC_SYMBOLS_PRIVATE_EXTERN = NO;
				GCC_WARN_64_TO_32_BIT_CONVERSION = YES;
				GCC_WARN_ABOUT_RETURN_TYPE = YES_ERROR;
				GCC_WARN_UNDECLARED_SELECTOR = YES;
				GCC_WARN_UNINITIALIZED_AUTOS = YES_AGGRESSIVE;
				GCC_WARN_UNUSED_FUNCTION = YES;
				GCC_WARN_UNUSED_VARIABLE = YES;
				IPHONEOS_DEPLOYMENT_TARGET = 8.4;
				MTL_ENABLE_DEBUG_INFO = YES;
				ONLY_ACTIVE_ARCH = YES;
				SDKROOT = iphoneos;
				TARGETED_DEVICE_FAMILY = "1,2";
			};
			name = Debug;
		};
		642AA40F1B4D331C002D255D /* Release */ = {
			isa = XCBuildConfiguration;
			buildSettings = {
				ALWAYS_SEARCH_USER_PATHS = NO;
				CLANG_CXX_LANGUAGE_STANDARD = "gnu++0x";
				CLANG_CXX_LIBRARY = "libc++";
				CLANG_ENABLE_MODULES = YES;
				CLANG_ENABLE_OBJC_ARC = YES;
				CLANG_WARN_BOOL_CONVERSION = YES;
				CLANG_WARN_CONSTANT_CONVERSION = YES;
				CLANG_WARN_DIRECT_OBJC_ISA_USAGE = YES_ERROR;
				CLANG_WARN_EMPTY_BODY = YES;
				CLANG_WARN_ENUM_CONVERSION = YES;
				CLANG_WARN_INT_CONVERSION = YES;
				CLANG_WARN_OBJC_ROOT_CLASS = YES_ERROR;
				CLANG_WARN_UNREACHABLE_CODE = YES;
				CLANG_WARN__DUPLICATE_METHOD_MATCH = YES;
				"CODE_SIGN_IDENTITY[sdk=iphoneos*]" = "iPhone Developer";
				COPY_PHASE_STRIP = NO;
				DEBUG_INFORMATION_FORMAT = "dwarf-with-dsym";
				ENABLE_NS_ASSERTIONS = NO;
				ENABLE_STRICT_OBJC_MSGSEND = YES;
				GCC_C_LANGUAGE_STANDARD = gnu99;
				GCC_NO_COMMON_BLOCKS = YES;
				GCC_WARN_64_TO_32_BIT_CONVERSION = YES;
				GCC_WARN_ABOUT_RETURN_TYPE = YES_ERROR;
				GCC_WARN_UNDECLARED_SELECTOR = YES;
				GCC_WARN_UNINITIALIZED_AUTOS = YES_AGGRESSIVE;
				GCC_WARN_UNUSED_FUNCTION = YES;
				GCC_WARN_UNUSED_VARIABLE = YES;
				IPHONEOS_DEPLOYMENT_TARGET = 8.4;
				MTL_ENABLE_DEBUG_INFO = NO;
				SDKROOT = iphoneos;
				TARGETED_DEVICE_FAMILY = "1,2";
				VALIDATE_PRODUCT = YES;
			};
			name = Release;
		};
		642AA4111B4D331C002D255D /* Debug */ = {
			isa = XCBuildConfiguration;
			buildSettings = {
				ASSETCATALOG_COMPILER_APPICON_NAME = AppIcon;
				CODE_SIGN_ENTITLEMENTS = "";
				CODE_SIGN_IDENTITY = "iPhone Developer: Zhiwei Shen (LC2MMP98TD)";
				FRAMEWORK_SEARCH_PATHS = (
					"$(inherited)",
					"$(PROJECT_DIR)/libraries/extends/QQSDK",
					"$(PROJECT_DIR)/libraries",
				);
				INFOPLIST_FILE = Lock2015/Info.plist;
				IPHONEOS_DEPLOYMENT_TARGET = 7.1;
				LD_RUNPATH_SEARCH_PATHS = "$(inherited) @executable_path/Frameworks";
				LIBRARY_SEARCH_PATHS = (
					"$(inherited)",
					"$(PROJECT_DIR)/libraries/extends/SinaWeiboSDK",
					"$(PROJECT_DIR)/libraries/extends/WeChatSDK",
				);
				ONLY_ACTIVE_ARCH = YES;
				PRODUCT_NAME = "$(TARGET_NAME)";
				PROVISIONING_PROFILE = "500dd18f-4c7b-427f-a45b-69033bda5bbd";
				TARGETED_DEVICE_FAMILY = 1;
				VALID_ARCHS = "armv7 armv7s arm64";
			};
			name = Debug;
		};
		642AA4121B4D331C002D255D /* Release */ = {
			isa = XCBuildConfiguration;
			buildSettings = {
				ASSETCATALOG_COMPILER_APPICON_NAME = AppIcon;
				CODE_SIGN_ENTITLEMENTS = "";
				CODE_SIGN_IDENTITY = "iPhone Developer: Zhiwei Shen (LC2MMP98TD)";
				FRAMEWORK_SEARCH_PATHS = (
					"$(inherited)",
					"$(PROJECT_DIR)/libraries/extends/QQSDK",
					"$(PROJECT_DIR)/libraries",
				);
				INFOPLIST_FILE = Lock2015/Info.plist;
				IPHONEOS_DEPLOYMENT_TARGET = 7.1;
				LD_RUNPATH_SEARCH_PATHS = "$(inherited) @executable_path/Frameworks";
				LIBRARY_SEARCH_PATHS = (
					"$(inherited)",
					"$(PROJECT_DIR)/libraries/extends/SinaWeiboSDK",
					"$(PROJECT_DIR)/libraries/extends/WeChatSDK",
				);
				ONLY_ACTIVE_ARCH = YES;
				PRODUCT_NAME = "$(TARGET_NAME)";
				PROVISIONING_PROFILE = "500dd18f-4c7b-427f-a45b-69033bda5bbd";
				TARGETED_DEVICE_FAMILY = 1;
				VALID_ARCHS = "armv7 armv7s arm64";
			};
			name = Release;
		};
/* End XCBuildConfiguration section */

/* Begin XCConfigurationList section */
		642AA3E81B4D331C002D255D /* Build configuration list for PBXProject "Lock2015" */ = {
			isa = XCConfigurationList;
			buildConfigurations = (
				642AA40E1B4D331C002D255D /* Debug */,
				642AA40F1B4D331C002D255D /* Release */,
			);
			defaultConfigurationIsVisible = 0;
			defaultConfigurationName = Release;
		};
		642AA4101B4D331C002D255D /* Build configuration list for PBXNativeTarget "Lock2015" */ = {
			isa = XCConfigurationList;
			buildConfigurations = (
				642AA4111B4D331C002D255D /* Debug */,
				642AA4121B4D331C002D255D /* Release */,
			);
			defaultConfigurationIsVisible = 0;
			defaultConfigurationName = Release;
		};
/* End XCConfigurationList section */
	};
	rootObject = 642AA3E51B4D331C002D255D /* Project object */;
}
